// !$*UTF8*$!
{
	archiveVersion = 1;
	classes = {
	};
	objectVersion = 56;
	objects = {

/* Begin PBXBuildFile section */
		3A37157529241D6E00390154 /* deCONZWebSocketClient.swift in Sources */ = {isa = PBXBuildFile; fileRef = 3A37157429241D6E00390154 /* deCONZWebSocketClient.swift */; };
		3A37157A2924CA2400390154 /* SidebarView.swift in Sources */ = {isa = PBXBuildFile; fileRef = 3A3715792924CA2400390154 /* SidebarView.swift */; };
		3A37157C2924CAAB00390154 /* AddLightView.swift in Sources */ = {isa = PBXBuildFile; fileRef = 3A37157B2924CAAB00390154 /* AddLightView.swift */; };
		3A3715802924CB3500390154 /* LightView.swift in Sources */ = {isa = PBXBuildFile; fileRef = 3A37157F2924CB3500390154 /* LightView.swift */; };
		3A3715822924CC0E00390154 /* LightStateView.swift in Sources */ = {isa = PBXBuildFile; fileRef = 3A3715812924CC0E00390154 /* LightStateView.swift */; };
		3A58D4A42916F50B000FC97D /* SimpleJSONTextView.swift in Sources */ = {isa = PBXBuildFile; fileRef = 3A58D4A32916F50B000FC97D /* SimpleJSONTextView.swift */; };
		3A58D4A62916F813000FC97D /* PresetView.swift in Sources */ = {isa = PBXBuildFile; fileRef = 3A58D4A52916F813000FC97D /* PresetView.swift */; };
		3A58D4A82916F8D2000FC97D /* Colors.swift in Sources */ = {isa = PBXBuildFile; fileRef = 3A58D4A72916F8D2000FC97D /* Colors.swift */; };
		3A58D4AD2917A74C000FC97D /* SettingsView.swift in Sources */ = {isa = PBXBuildFile; fileRef = 3A58D4AC2917A74C000FC97D /* SettingsView.swift */; };
		3A58D4B42917F326000FC97D /* SceneManagerModel.swift in Sources */ = {isa = PBXBuildFile; fileRef = 3A58D4B32917F326000FC97D /* SceneManagerModel.swift */; };
		3A88304F29262CA200D7203B /* warm_medium.json in CopyFiles */ = {isa = PBXBuildFile; fileRef = 3A88304C29261DF300D7203B /* warm_medium.json */; };
		3A8830592926332F00D7203B /* halloween_orange.json in Resources */ = {isa = PBXBuildFile; fileRef = 3A8830502926332E00D7203B /* halloween_orange.json */; };
		3A88305A2926332F00D7203B /* warm_bright.json in Resources */ = {isa = PBXBuildFile; fileRef = 3A8830512926332E00D7203B /* warm_bright.json */; };
		3A88305B2926332F00D7203B /* cold_medium.json in Resources */ = {isa = PBXBuildFile; fileRef = 3A8830522926332E00D7203B /* cold_medium.json */; };
		3A88305C2926332F00D7203B /* cold_bright.json in Resources */ = {isa = PBXBuildFile; fileRef = 3A8830532926332E00D7203B /* cold_bright.json */; };
		3A88305D2926332F00D7203B /* christmas_red.json in Resources */ = {isa = PBXBuildFile; fileRef = 3A8830542926332E00D7203B /* christmas_red.json */; };
		3A88305E2926332F00D7203B /* nightlight.json in Resources */ = {isa = PBXBuildFile; fileRef = 3A8830552926332E00D7203B /* nightlight.json */; };
		3A88305F2926332F00D7203B /* relax.json in Resources */ = {isa = PBXBuildFile; fileRef = 3A8830562926332F00D7203B /* relax.json */; };
		3A8830602926332F00D7203B /* halloween_purple.json in Resources */ = {isa = PBXBuildFile; fileRef = 3A8830572926332F00D7203B /* halloween_purple.json */; };
		3A8830612926332F00D7203B /* christmas_green.json in Resources */ = {isa = PBXBuildFile; fileRef = 3A8830582926332F00D7203B /* christmas_green.json */; };
		3AF928552916A6D600CD2D33 /* SceneManagerApp.swift in Sources */ = {isa = PBXBuildFile; fileRef = 3AF928542916A6D600CD2D33 /* SceneManagerApp.swift */; };
		3AF928572916A6D600CD2D33 /* ContentView.swift in Sources */ = {isa = PBXBuildFile; fileRef = 3AF928562916A6D600CD2D33 /* ContentView.swift */; };
		3AF928592916A6D800CD2D33 /* Assets.xcassets in Resources */ = {isa = PBXBuildFile; fileRef = 3AF928582916A6D800CD2D33 /* Assets.xcassets */; };
		3AF9285C2916A6D800CD2D33 /* Preview Assets.xcassets in Resources */ = {isa = PBXBuildFile; fileRef = 3AF9285B2916A6D800CD2D33 /* Preview Assets.xcassets */; };
		3AF928642916A88700CD2D33 /* deCONZRESTClient.swift in Sources */ = {isa = PBXBuildFile; fileRef = 3AF928632916A88700CD2D33 /* deCONZRESTClient.swift */; };
		3AF928662916A8C400CD2D33 /* deCONZModel.swift in Sources */ = {isa = PBXBuildFile; fileRef = 3AF928652916A8C400CD2D33 /* deCONZModel.swift */; };
		3AF928682916AE1100CD2D33 /* DetailView.swift in Sources */ = {isa = PBXBuildFile; fileRef = 3AF928672916AE1100CD2D33 /* DetailView.swift */; };
/* End PBXBuildFile section */

/* Begin PBXCopyFilesBuildPhase section */
		3A88304E29262C9200D7203B /* CopyFiles */ = {
			isa = PBXCopyFilesBuildPhase;
			buildActionMask = 2147483647;
			dstPath = "";
			dstSubfolderSpec = 7;
			files = (
				3A88304F29262CA200D7203B /* warm_medium.json in CopyFiles */,
			);
			runOnlyForDeploymentPostprocessing = 0;
		};
/* End PBXCopyFilesBuildPhase section */

/* Begin PBXFileReference section */
		3A37157429241D6E00390154 /* deCONZWebSocketClient.swift */ = {isa = PBXFileReference; lastKnownFileType = sourcecode.swift; path = deCONZWebSocketClient.swift; sourceTree = "<group>"; };
		3A3715792924CA2400390154 /* SidebarView.swift */ = {isa = PBXFileReference; lastKnownFileType = sourcecode.swift; path = SidebarView.swift; sourceTree = "<group>"; };
		3A37157B2924CAAB00390154 /* AddLightView.swift */ = {isa = PBXFileReference; lastKnownFileType = sourcecode.swift; path = AddLightView.swift; sourceTree = "<group>"; };
		3A37157F2924CB3500390154 /* LightView.swift */ = {isa = PBXFileReference; lastKnownFileType = sourcecode.swift; path = LightView.swift; sourceTree = "<group>"; };
		3A3715812924CC0E00390154 /* LightStateView.swift */ = {isa = PBXFileReference; lastKnownFileType = sourcecode.swift; path = LightStateView.swift; sourceTree = "<group>"; };
		3A58D4A32916F50B000FC97D /* SimpleJSONTextView.swift */ = {isa = PBXFileReference; lastKnownFileType = sourcecode.swift; path = SimpleJSONTextView.swift; sourceTree = "<group>"; };
		3A58D4A52916F813000FC97D /* PresetView.swift */ = {isa = PBXFileReference; lastKnownFileType = sourcecode.swift; path = PresetView.swift; sourceTree = "<group>"; };
		3A58D4A72916F8D2000FC97D /* Colors.swift */ = {isa = PBXFileReference; lastKnownFileType = sourcecode.swift; path = Colors.swift; sourceTree = "<group>"; };
		3A58D4AA2916FD70000FC97D /* Info.plist */ = {isa = PBXFileReference; fileEncoding = 4; lastKnownFileType = text.plist.xml; path = Info.plist; sourceTree = "<group>"; };
		3A58D4AC2917A74C000FC97D /* SettingsView.swift */ = {isa = PBXFileReference; lastKnownFileType = sourcecode.swift; path = SettingsView.swift; sourceTree = "<group>"; };
		3A58D4B32917F326000FC97D /* SceneManagerModel.swift */ = {isa = PBXFileReference; lastKnownFileType = sourcecode.swift; path = SceneManagerModel.swift; sourceTree = "<group>"; };
		3A88304C29261DF300D7203B /* warm_medium.json */ = {isa = PBXFileReference; fileEncoding = 4; lastKnownFileType = text.json; path = warm_medium.json; sourceTree = "<group>"; };
		3A8830502926332E00D7203B /* halloween_orange.json */ = {isa = PBXFileReference; fileEncoding = 4; lastKnownFileType = text.json; path = halloween_orange.json; sourceTree = "<group>"; };
		3A8830512926332E00D7203B /* warm_bright.json */ = {isa = PBXFileReference; fileEncoding = 4; lastKnownFileType = text.json; path = warm_bright.json; sourceTree = "<group>"; };
		3A8830522926332E00D7203B /* cold_medium.json */ = {isa = PBXFileReference; fileEncoding = 4; lastKnownFileType = text.json; path = cold_medium.json; sourceTree = "<group>"; };
		3A8830532926332E00D7203B /* cold_bright.json */ = {isa = PBXFileReference; fileEncoding = 4; lastKnownFileType = text.json; path = cold_bright.json; sourceTree = "<group>"; };
		3A8830542926332E00D7203B /* christmas_red.json */ = {isa = PBXFileReference; fileEncoding = 4; lastKnownFileType = text.json; path = christmas_red.json; sourceTree = "<group>"; };
		3A8830552926332E00D7203B /* nightlight.json */ = {isa = PBXFileReference; fileEncoding = 4; lastKnownFileType = text.json; path = nightlight.json; sourceTree = "<group>"; };
		3A8830562926332F00D7203B /* relax.json */ = {isa = PBXFileReference; fileEncoding = 4; lastKnownFileType = text.json; path = relax.json; sourceTree = "<group>"; };
		3A8830572926332F00D7203B /* halloween_purple.json */ = {isa = PBXFileReference; fileEncoding = 4; lastKnownFileType = text.json; path = halloween_purple.json; sourceTree = "<group>"; };
		3A8830582926332F00D7203B /* christmas_green.json */ = {isa = PBXFileReference; fileEncoding = 4; lastKnownFileType = text.json; path = christmas_green.json; sourceTree = "<group>"; };
		3AF928512916A6D600CD2D33 /* SceneManager.app */ = {isa = PBXFileReference; explicitFileType = wrapper.application; includeInIndex = 0; path = SceneManager.app; sourceTree = BUILT_PRODUCTS_DIR; };
		3AF928542916A6D600CD2D33 /* SceneManagerApp.swift */ = {isa = PBXFileReference; lastKnownFileType = sourcecode.swift; path = SceneManagerApp.swift; sourceTree = "<group>"; };
		3AF928562916A6D600CD2D33 /* ContentView.swift */ = {isa = PBXFileReference; lastKnownFileType = sourcecode.swift; path = ContentView.swift; sourceTree = "<group>"; };
		3AF928582916A6D800CD2D33 /* Assets.xcassets */ = {isa = PBXFileReference; lastKnownFileType = folder.assetcatalog; path = Assets.xcassets; sourceTree = "<group>"; };
		3AF9285B2916A6D800CD2D33 /* Preview Assets.xcassets */ = {isa = PBXFileReference; lastKnownFileType = folder.assetcatalog; path = "Preview Assets.xcassets"; sourceTree = "<group>"; };
		3AF9285D2916A6D800CD2D33 /* SceneManager.entitlements */ = {isa = PBXFileReference; lastKnownFileType = text.plist.entitlements; path = SceneManager.entitlements; sourceTree = "<group>"; };
		3AF928632916A88700CD2D33 /* deCONZRESTClient.swift */ = {isa = PBXFileReference; lastKnownFileType = sourcecode.swift; path = deCONZRESTClient.swift; sourceTree = "<group>"; };
		3AF928652916A8C400CD2D33 /* deCONZModel.swift */ = {isa = PBXFileReference; lastKnownFileType = sourcecode.swift; path = deCONZModel.swift; sourceTree = "<group>"; };
		3AF928672916AE1100CD2D33 /* DetailView.swift */ = {isa = PBXFileReference; lastKnownFileType = sourcecode.swift; path = DetailView.swift; sourceTree = "<group>"; };
/* End PBXFileReference section */

/* Begin PBXFrameworksBuildPhase section */
		3AF9284E2916A6D600CD2D33 /* Frameworks */ = {
			isa = PBXFrameworksBuildPhase;
			buildActionMask = 2147483647;
			files = (
			);
			runOnlyForDeploymentPostprocessing = 0;
		};
/* End PBXFrameworksBuildPhase section */

/* Begin PBXGroup section */
		3A3715762924C77900390154 /* Views */ = {
			isa = PBXGroup;
			children = (
				3AF928562916A6D600CD2D33 /* ContentView.swift */,
				3AF928672916AE1100CD2D33 /* DetailView.swift */,
				3A3715792924CA2400390154 /* SidebarView.swift */,
				3A37157F2924CB3500390154 /* LightView.swift */,
				3A3715812924CC0E00390154 /* LightStateView.swift */,
				3A58D4A52916F813000FC97D /* PresetView.swift */,
				3A58D4AC2917A74C000FC97D /* SettingsView.swift */,
				3A37157B2924CAAB00390154 /* AddLightView.swift */,
			);
			name = Views;
			sourceTree = "<group>";
		};
		3A3715832924D41800390154 /* deCONZ */ = {
			isa = PBXGroup;
			children = (
				3AF928652916A8C400CD2D33 /* deCONZModel.swift */,
				3AF928632916A88700CD2D33 /* deCONZRESTClient.swift */,
			);
			name = deCONZ;
			sourceTree = "<group>";
		};
		3A3715842924D45100390154 /* Resources */ = {
			isa = PBXGroup;
			children = (
				3A88304B29261D8900D7203B /* Presets */,
				3A58D4AA2916FD70000FC97D /* Info.plist */,
				3AF928582916A6D800CD2D33 /* Assets.xcassets */,
				3AF9285D2916A6D800CD2D33 /* SceneManager.entitlements */,
			);
			name = Resources;
			sourceTree = "<group>";
		};
		3A88304B29261D8900D7203B /* Presets */ = {
			isa = PBXGroup;
			children = (
				3A8830532926332E00D7203B /* cold_bright.json */,
				3A8830522926332E00D7203B /* cold_medium.json */,
				3A8830512926332E00D7203B /* warm_bright.json */,
				3A88304C29261DF300D7203B /* warm_medium.json */,
				3A8830562926332F00D7203B /* relax.json */,
				3A8830552926332E00D7203B /* nightlight.json */,
				3A8830502926332E00D7203B /* halloween_orange.json */,
				3A8830572926332F00D7203B /* halloween_purple.json */,
				3A8830582926332F00D7203B /* christmas_green.json */,
				3A8830542926332E00D7203B /* christmas_red.json */,
			);
			path = Presets;
			sourceTree = "<group>";
		};
		3AF928482916A6D600CD2D33 = {
			isa = PBXGroup;
			children = (
				3AF928532916A6D600CD2D33 /* SceneManager */,
				3AF928522916A6D600CD2D33 /* Products */,
			);
			sourceTree = "<group>";
		};
		3AF928522916A6D600CD2D33 /* Products */ = {
			isa = PBXGroup;
			children = (
				3AF928512916A6D600CD2D33 /* SceneManager.app */,
			);
			name = Products;
			sourceTree = "<group>";
		};
		3AF928532916A6D600CD2D33 /* SceneManager */ = {
			isa = PBXGroup;
			children = (
				3AF928542916A6D600CD2D33 /* SceneManagerApp.swift */,
				3A58D4B32917F326000FC97D /* SceneManagerModel.swift */,
				3A3715762924C77900390154 /* Views */,
				3A3715832924D41800390154 /* deCONZ */,
				3A58D4A72916F8D2000FC97D /* Colors.swift */,
				3A58D4A32916F50B000FC97D /* SimpleJSONTextView.swift */,
				3A3715842924D45100390154 /* Resources */,
				3AF9285A2916A6D800CD2D33 /* Preview Content */,
				3A37157429241D6E00390154 /* deCONZWebSocketClient.swift */,
			);
			path = SceneManager;
			sourceTree = "<group>";
		};
		3AF9285A2916A6D800CD2D33 /* Preview Content */ = {
			isa = PBXGroup;
			children = (
				3AF9285B2916A6D800CD2D33 /* Preview Assets.xcassets */,
			);
			path = "Preview Content";
			sourceTree = "<group>";
		};
/* End PBXGroup section */

/* Begin PBXNativeTarget section */
		3AF928502916A6D600CD2D33 /* SceneManager */ = {
			isa = PBXNativeTarget;
			buildConfigurationList = 3AF928602916A6D800CD2D33 /* Build configuration list for PBXNativeTarget "SceneManager" */;
			buildPhases = (
				3AF9284D2916A6D600CD2D33 /* Sources */,
				3AF9284E2916A6D600CD2D33 /* Frameworks */,
				3AF9284F2916A6D600CD2D33 /* Resources */,
				3A88304E29262C9200D7203B /* CopyFiles */,
			);
			buildRules = (
			);
			dependencies = (
			);
			name = SceneManager;
			productName = SceneManager;
			productReference = 3AF928512916A6D600CD2D33 /* SceneManager.app */;
			productType = "com.apple.product-type.application";
		};
/* End PBXNativeTarget section */

/* Begin PBXProject section */
		3AF928492916A6D600CD2D33 /* Project object */ = {
			isa = PBXProject;
			attributes = {
				BuildIndependentTargetsInParallel = 1;
				LastSwiftUpdateCheck = 1410;
				LastUpgradeCheck = 1410;
				TargetAttributes = {
					3AF928502916A6D600CD2D33 = {
						CreatedOnToolsVersion = 14.1;
					};
				};
			};
			buildConfigurationList = 3AF9284C2916A6D600CD2D33 /* Build configuration list for PBXProject "SceneManager" */;
			compatibilityVersion = "Xcode 14.0";
			developmentRegion = en;
			hasScannedForEncodings = 0;
			knownRegions = (
				en,
				Base,
			);
			mainGroup = 3AF928482916A6D600CD2D33;
			productRefGroup = 3AF928522916A6D600CD2D33 /* Products */;
			projectDirPath = "";
			projectRoot = "";
			targets = (
				3AF928502916A6D600CD2D33 /* SceneManager */,
			);
		};
/* End PBXProject section */

/* Begin PBXResourcesBuildPhase section */
		3AF9284F2916A6D600CD2D33 /* Resources */ = {
			isa = PBXResourcesBuildPhase;
			buildActionMask = 2147483647;
			files = (
				3A88305F2926332F00D7203B /* relax.json in Resources */,
				3AF9285C2916A6D800CD2D33 /* Preview Assets.xcassets in Resources */,
				3A88305E2926332F00D7203B /* nightlight.json in Resources */,
				3A88305B2926332F00D7203B /* cold_medium.json in Resources */,
				3A8830592926332F00D7203B /* halloween_orange.json in Resources */,
				3A88305A2926332F00D7203B /* warm_bright.json in Resources */,
				3A8830612926332F00D7203B /* christmas_green.json in Resources */,
				3AF928592916A6D800CD2D33 /* Assets.xcassets in Resources */,
				3A88305C2926332F00D7203B /* cold_bright.json in Resources */,
				3A88305D2926332F00D7203B /* christmas_red.json in Resources */,
				3A8830602926332F00D7203B /* halloween_purple.json in Resources */,
			);
			runOnlyForDeploymentPostprocessing = 0;
		};
/* End PBXResourcesBuildPhase section */

/* Begin PBXSourcesBuildPhase section */
		3AF9284D2916A6D600CD2D33 /* Sources */ = {
			isa = PBXSourcesBuildPhase;
			buildActionMask = 2147483647;
			files = (
				3AF928662916A8C400CD2D33 /* deCONZModel.swift in Sources */,
				3A37157C2924CAAB00390154 /* AddLightView.swift in Sources */,
				3A58D4A82916F8D2000FC97D /* Colors.swift in Sources */,
				3A58D4A42916F50B000FC97D /* SimpleJSONTextView.swift in Sources */,
				3AF928572916A6D600CD2D33 /* ContentView.swift in Sources */,
				3A3715822924CC0E00390154 /* LightStateView.swift in Sources */,
				3A3715802924CB3500390154 /* LightView.swift in Sources */,
				3AF928552916A6D600CD2D33 /* SceneManagerApp.swift in Sources */,
				3A37157A2924CA2400390154 /* SidebarView.swift in Sources */,
				3A58D4B42917F326000FC97D /* SceneManagerModel.swift in Sources */,
				3AF928682916AE1100CD2D33 /* DetailView.swift in Sources */,
				3A58D4AD2917A74C000FC97D /* SettingsView.swift in Sources */,
				3A37157529241D6E00390154 /* deCONZWebSocketClient.swift in Sources */,
				3AF928642916A88700CD2D33 /* deCONZRESTClient.swift in Sources */,
				3A58D4A62916F813000FC97D /* PresetView.swift in Sources */,
			);
			runOnlyForDeploymentPostprocessing = 0;
		};
/* End PBXSourcesBuildPhase section */

/* Begin XCBuildConfiguration section */
		3AF9285E2916A6D800CD2D33 /* Debug */ = {
			isa = XCBuildConfiguration;
			buildSettings = {
				ALWAYS_SEARCH_USER_PATHS = NO;
				CLANG_ANALYZER_NONNULL = YES;
				CLANG_ANALYZER_NUMBER_OBJECT_CONVERSION = YES_AGGRESSIVE;
				CLANG_CXX_LANGUAGE_STANDARD = "gnu++20";
				CLANG_ENABLE_MODULES = YES;
				CLANG_ENABLE_OBJC_ARC = YES;
				CLANG_ENABLE_OBJC_WEAK = YES;
				CLANG_WARN_BLOCK_CAPTURE_AUTORELEASING = YES;
				CLANG_WARN_BOOL_CONVERSION = YES;
				CLANG_WARN_COMMA = YES;
				CLANG_WARN_CONSTANT_CONVERSION = YES;
				CLANG_WARN_DEPRECATED_OBJC_IMPLEMENTATIONS = YES;
				CLANG_WARN_DIRECT_OBJC_ISA_USAGE = YES_ERROR;
				CLANG_WARN_DOCUMENTATION_COMMENTS = YES;
				CLANG_WARN_EMPTY_BODY = YES;
				CLANG_WARN_ENUM_CONVERSION = YES;
				CLANG_WARN_INFINITE_RECURSION = YES;
				CLANG_WARN_INT_CONVERSION = YES;
				CLANG_WARN_NON_LITERAL_NULL_CONVERSION = YES;
				CLANG_WARN_OBJC_IMPLICIT_RETAIN_SELF = YES;
				CLANG_WARN_OBJC_LITERAL_CONVERSION = YES;
				CLANG_WARN_OBJC_ROOT_CLASS = YES_ERROR;
				CLANG_WARN_QUOTED_INCLUDE_IN_FRAMEWORK_HEADER = YES;
				CLANG_WARN_RANGE_LOOP_ANALYSIS = YES;
				CLANG_WARN_STRICT_PROTOTYPES = YES;
				CLANG_WARN_SUSPICIOUS_MOVE = YES;
				CLANG_WARN_UNGUARDED_AVAILABILITY = YES_AGGRESSIVE;
				CLANG_WARN_UNREACHABLE_CODE = YES;
				CLANG_WARN__DUPLICATE_METHOD_MATCH = YES;
				COPY_PHASE_STRIP = NO;
				DEBUG_INFORMATION_FORMAT = dwarf;
				ENABLE_STRICT_OBJC_MSGSEND = YES;
				ENABLE_TESTABILITY = YES;
				GCC_C_LANGUAGE_STANDARD = gnu11;
				GCC_DYNAMIC_NO_PIC = NO;
				GCC_NO_COMMON_BLOCKS = YES;
				GCC_OPTIMIZATION_LEVEL = 0;
				GCC_PREPROCESSOR_DEFINITIONS = (
					"DEBUG=1",
					"$(inherited)",
				);
				GCC_WARN_64_TO_32_BIT_CONVERSION = YES;
				GCC_WARN_ABOUT_RETURN_TYPE = YES_ERROR;
				GCC_WARN_UNDECLARED_SELECTOR = YES;
				GCC_WARN_UNINITIALIZED_AUTOS = YES_AGGRESSIVE;
				GCC_WARN_UNUSED_FUNCTION = YES;
				GCC_WARN_UNUSED_VARIABLE = YES;
				MACOSX_DEPLOYMENT_TARGET = 13.0;
				MTL_ENABLE_DEBUG_INFO = INCLUDE_SOURCE;
				MTL_FAST_MATH = YES;
				ONLY_ACTIVE_ARCH = YES;
				SDKROOT = macosx;
				SWIFT_ACTIVE_COMPILATION_CONDITIONS = DEBUG;
				SWIFT_OPTIMIZATION_LEVEL = "-Onone";
			};
			name = Debug;
		};
		3AF9285F2916A6D800CD2D33 /* Release */ = {
			isa = XCBuildConfiguration;
			buildSettings = {
				ALWAYS_SEARCH_USER_PATHS = NO;
				CLANG_ANALYZER_NONNULL = YES;
				CLANG_ANALYZER_NUMBER_OBJECT_CONVERSION = YES_AGGRESSIVE;
				CLANG_CXX_LANGUAGE_STANDARD = "gnu++20";
				CLANG_ENABLE_MODULES = YES;
				CLANG_ENABLE_OBJC_ARC = YES;
				CLANG_ENABLE_OBJC_WEAK = YES;
				CLANG_WARN_BLOCK_CAPTURE_AUTORELEASING = YES;
				CLANG_WARN_BOOL_CONVERSION = YES;
				CLANG_WARN_COMMA = YES;
				CLANG_WARN_CONSTANT_CONVERSION = YES;
				CLANG_WARN_DEPRECATED_OBJC_IMPLEMENTATIONS = YES;
				CLANG_WARN_DIRECT_OBJC_ISA_USAGE = YES_ERROR;
				CLANG_WARN_DOCUMENTATION_COMMENTS = YES;
				CLANG_WARN_EMPTY_BODY = YES;
				CLANG_WARN_ENUM_CONVERSION = YES;
				CLANG_WARN_INFINITE_RECURSION = YES;
				CLANG_WARN_INT_CONVERSION = YES;
				CLANG_WARN_NON_LITERAL_NULL_CONVERSION = YES;
				CLANG_WARN_OBJC_IMPLICIT_RETAIN_SELF = YES;
				CLANG_WARN_OBJC_LITERAL_CONVERSION = YES;
				CLANG_WARN_OBJC_ROOT_CLASS = YES_ERROR;
				CLANG_WARN_QUOTED_INCLUDE_IN_FRAMEWORK_HEADER = YES;
				CLANG_WARN_RANGE_LOOP_ANALYSIS = YES;
				CLANG_WARN_STRICT_PROTOTYPES = YES;
				CLANG_WARN_SUSPICIOUS_MOVE = YES;
				CLANG_WARN_UNGUARDED_AVAILABILITY = YES_AGGRESSIVE;
				CLANG_WARN_UNREACHABLE_CODE = YES;
				CLANG_WARN__DUPLICATE_METHOD_MATCH = YES;
				COPY_PHASE_STRIP = NO;
				DEBUG_INFORMATION_FORMAT = "dwarf-with-dsym";
				ENABLE_NS_ASSERTIONS = NO;
				ENABLE_STRICT_OBJC_MSGSEND = YES;
				GCC_C_LANGUAGE_STANDARD = gnu11;
				GCC_NO_COMMON_BLOCKS = YES;
				GCC_WARN_64_TO_32_BIT_CONVERSION = YES;
				GCC_WARN_ABOUT_RETURN_TYPE = YES_ERROR;
				GCC_WARN_UNDECLARED_SELECTOR = YES;
				GCC_WARN_UNINITIALIZED_AUTOS = YES_AGGRESSIVE;
				GCC_WARN_UNUSED_FUNCTION = YES;
				GCC_WARN_UNUSED_VARIABLE = YES;
				MACOSX_DEPLOYMENT_TARGET = 13.0;
				MTL_ENABLE_DEBUG_INFO = NO;
				MTL_FAST_MATH = YES;
				SDKROOT = macosx;
				SWIFT_COMPILATION_MODE = wholemodule;
				SWIFT_OPTIMIZATION_LEVEL = "-O";
			};
			name = Release;
		};
		3AF928612916A6D800CD2D33 /* Debug */ = {
			isa = XCBuildConfiguration;
			buildSettings = {
				ASSETCATALOG_COMPILER_APPICON_NAME = AppIcon;
				ASSETCATALOG_COMPILER_GLOBAL_ACCENT_COLOR_NAME = AccentColor;
				CODE_SIGN_ENTITLEMENTS = SceneManager/SceneManager.entitlements;
				"CODE_SIGN_IDENTITY[sdk=macosx*]" = "Apple Development";
				CODE_SIGN_STYLE = Automatic;
				COMBINE_HIDPI_IMAGES = YES;
				CURRENT_PROJECT_VERSION = 1;
				DEVELOPMENT_ASSET_PATHS = "\"SceneManager/Preview Content\"";
				DEVELOPMENT_TEAM = P39XGK2VAV;
				ENABLE_HARDENED_RUNTIME = YES;
				ENABLE_PREVIEWS = YES;
				GENERATE_INFOPLIST_FILE = YES;
				INFOPLIST_FILE = SceneManager/Info.plist;
				INFOPLIST_KEY_NSHumanReadableCopyright = "";
				LD_RUNPATH_SEARCH_PATHS = (
					"$(inherited)",
					"@executable_path/../Frameworks",
				);
				MARKETING_VERSION = 1.0;
				PRODUCT_BUNDLE_IDENTIFIER = "com.hanskroner.scene-manager";
				PRODUCT_NAME = "$(TARGET_NAME)";
				SWIFT_EMIT_LOC_STRINGS = YES;
				SWIFT_VERSION = 5.0;
			};
			name = Debug;
		};
		3AF928622916A6D800CD2D33 /* Release */ = {
			isa = XCBuildConfiguration;
			buildSettings = {
				ASSETCATALOG_COMPILER_APPICON_NAME = AppIcon;
				ASSETCATALOG_COMPILER_GLOBAL_ACCENT_COLOR_NAME = AccentColor;
				CODE_SIGN_ENTITLEMENTS = SceneManager/SceneManager.entitlements;
				"CODE_SIGN_IDENTITY[sdk=macosx*]" = "Apple Development";
				CODE_SIGN_STYLE = Automatic;
				COMBINE_HIDPI_IMAGES = YES;
				CURRENT_PROJECT_VERSION = 1;
				DEVELOPMENT_ASSET_PATHS = "\"SceneManager/Preview Content\"";
				DEVELOPMENT_TEAM = P39XGK2VAV;
				ENABLE_HARDENED_RUNTIME = YES;
				ENABLE_PREVIEWS = YES;
				GENERATE_INFOPLIST_FILE = YES;
				INFOPLIST_FILE = SceneManager/Info.plist;
				INFOPLIST_KEY_NSHumanReadableCopyright = "";
				LD_RUNPATH_SEARCH_PATHS = (
					"$(inherited)",
					"@executable_path/../Frameworks",
				);
				MARKETING_VERSION = 1.0;
				PRODUCT_BUNDLE_IDENTIFIER = "com.hanskroner.scene-manager";
				PRODUCT_NAME = "$(TARGET_NAME)";
				SWIFT_EMIT_LOC_STRINGS = YES;
				SWIFT_VERSION = 5.0;
			};
			name = Release;
		};
/* End XCBuildConfiguration section */

/* Begin XCConfigurationList section */
		3AF9284C2916A6D600CD2D33 /* Build configuration list for PBXProject "SceneManager" */ = {
			isa = XCConfigurationList;
			buildConfigurations = (
				3AF9285E2916A6D800CD2D33 /* Debug */,
				3AF9285F2916A6D800CD2D33 /* Release */,
			);
			defaultConfigurationIsVisible = 0;
			defaultConfigurationName = Release;
		};
		3AF928602916A6D800CD2D33 /* Build configuration list for PBXNativeTarget "SceneManager" */ = {
			isa = XCConfigurationList;
			buildConfigurations = (
				3AF928612916A6D800CD2D33 /* Debug */,
				3AF928622916A6D800CD2D33 /* Release */,
			);
			defaultConfigurationIsVisible = 0;
			defaultConfigurationName = Release;
		};
/* End XCConfigurationList section */
	};
	rootObject = 3AF928492916A6D600CD2D33 /* Project object */;
}
