// !$*UTF8*$!
{
	archiveVersion = 1;
	classes = {
	};
	objectVersion = 56;
	objects = {

/* Begin PBXBuildFile section */
		3A1EDD542AE2BB81001637BD /* Presets.swift in Sources */ = {isa = PBXBuildFile; fileRef = 3A1EDD532AE2BB81001637BD /* Presets.swift */; };
		3A1EDD562AE2BBCF001637BD /* Colors.swift in Sources */ = {isa = PBXBuildFile; fileRef = 3A1EDD552AE2BBCF001637BD /* Colors.swift */; };
		3A1EDD5A2AE2BD9D001637BD /* Sidebar.swift in Sources */ = {isa = PBXBuildFile; fileRef = 3A1EDD592AE2BD9D001637BD /* Sidebar.swift */; };
		3A1EDD662AE2C54B001637BD /* nightlight.json in Resources */ = {isa = PBXBuildFile; fileRef = 3A1EDD5C2AE2C54B001637BD /* nightlight.json */; };
		3A1EDD672AE2C54B001637BD /* relax.json in Resources */ = {isa = PBXBuildFile; fileRef = 3A1EDD5D2AE2C54B001637BD /* relax.json */; };
		3A1EDD6A2AE2C54B001637BD /* warm_medium.json in Resources */ = {isa = PBXBuildFile; fileRef = 3A1EDD602AE2C54B001637BD /* warm_medium.json */; };
		3A1EDD6B2AE2C54B001637BD /* cold_bright.json in Resources */ = {isa = PBXBuildFile; fileRef = 3A1EDD612AE2C54B001637BD /* cold_bright.json */; };
		3A1EDD6E2AE2C54B001637BD /* cold_medium.json in Resources */ = {isa = PBXBuildFile; fileRef = 3A1EDD642AE2C54B001637BD /* cold_medium.json */; };
		3A1EDD6F2AE2C54B001637BD /* warm_bright.json in Resources */ = {isa = PBXBuildFile; fileRef = 3A1EDD652AE2C54B001637BD /* warm_bright.json */; };
		3A1EDD732AE3B449001637BD /* Initializers.swift in Sources */ = {isa = PBXBuildFile; fileRef = 3A1EDD722AE3B449001637BD /* Initializers.swift */; };
		3A1EDD772AE449F2001637BD /* Lights.swift in Sources */ = {isa = PBXBuildFile; fileRef = 3A1EDD762AE449F2001637BD /* Lights.swift */; };
		3A2BDF612CCCF87800B582AA /* deCONZ.framework in Frameworks */ = {isa = PBXBuildFile; fileRef = 3A2BDF592CCCF87800B582AA /* deCONZ.framework */; };
		3A2BDF622CCCF87800B582AA /* deCONZ.framework in Embed Frameworks */ = {isa = PBXBuildFile; fileRef = 3A2BDF592CCCF87800B582AA /* deCONZ.framework */; settings = {ATTRIBUTES = (CodeSignOnCopy, RemoveHeadersOnCopy, ); }; };
		3A2BDF702CCCF99200B582AA /* deCONZ.h in Headers */ = {isa = PBXBuildFile; fileRef = 3A2BDF6B2CCCF99200B582AA /* deCONZ.h */; settings = {ATTRIBUTES = (Public, ); }; };
		3A2BDF712CCCF99200B582AA /* deCONZ.docc in Sources */ = {isa = PBXBuildFile; fileRef = 3A2BDF6C2CCCF99200B582AA /* deCONZ.docc */; };
		3A2BDF722CCCF99200B582AA /* JSON.swift in Sources */ = {isa = PBXBuildFile; fileRef = 3A2BDF6D2CCCF99200B582AA /* JSON.swift */; };
		3A2BDF752CCCFCCD00B582AA /* Models.swift in Sources */ = {isa = PBXBuildFile; fileRef = 3A2BDF742CCCFCCD00B582AA /* Models.swift */; };
		3A2BDF772CCD082C00B582AA /* RESTClient.swift in Sources */ = {isa = PBXBuildFile; fileRef = 3A2BDF762CCD082C00B582AA /* RESTClient.swift */; };
		3A2BDF9E2CCD682A00B582AA /* deCONZTests.swift in Sources */ = {isa = PBXBuildFile; fileRef = 3A2BDF9D2CCD682A00B582AA /* deCONZTests.swift */; };
		3A2BDFA62CCE125100B582AA /* RESTLight.swift in Sources */ = {isa = PBXBuildFile; fileRef = 3A2BDFA52CCE124A00B582AA /* RESTLight.swift */; };
		3A2BDFA92CCE731E00B582AA /* RESTGroup.swift in Sources */ = {isa = PBXBuildFile; fileRef = 3A2BDFA82CCE731E00B582AA /* RESTGroup.swift */; };
		3A2BDFAB2CCE778A00B582AA /* RESTScene.swift in Sources */ = {isa = PBXBuildFile; fileRef = 3A2BDFAA2CCE778A00B582AA /* RESTScene.swift */; };
		3A41935E2D9EC8B8007E76F1 /* SceneConverterApp.swift in Sources */ = {isa = PBXBuildFile; fileRef = 3A41935C2D9EC8B8007E76F1 /* SceneConverterApp.swift */; };
		3A41935F2D9EC8B8007E76F1 /* ContentView.swift in Sources */ = {isa = PBXBuildFile; fileRef = 3A41935A2D9EC8B8007E76F1 /* ContentView.swift */; };
		3A4193682D9EF98B007E76F1 /* Assets.xcassets in Resources */ = {isa = PBXBuildFile; fileRef = 3A4193642D9EF98B007E76F1 /* Assets.xcassets */; };
		3A41936B2D9F0179007E76F1 /* CLIPModels.swift in Sources */ = {isa = PBXBuildFile; fileRef = 3A41936A2D9F0179007E76F1 /* CLIPModels.swift */; };
		3A41936D2D9F0F60007E76F1 /* PresetModels.swift in Sources */ = {isa = PBXBuildFile; fileRef = 3A41936C2D9F0F60007E76F1 /* PresetModels.swift */; };
		3A41936E2DA0083F007E76F1 /* JSON.swift in Sources */ = {isa = PBXBuildFile; fileRef = 3A2BDF6D2CCCF99200B582AA /* JSON.swift */; };
		3A4193722DA041E4007E76F1 /* SearchField.swift in Sources */ = {isa = PBXBuildFile; fileRef = 3A4193712DA041E1007E76F1 /* SearchField.swift */; };
		3A462A7E2D8FE84200760E44 /* InfoPlist.strings in Resources */ = {isa = PBXBuildFile; fileRef = 3A462A7D2D8FE84200760E44 /* InfoPlist.strings */; };
		3A462A832D8FF09B00760E44 /* ColorTests.xctestplan in Resources */ = {isa = PBXBuildFile; fileRef = 3A462A822D8FF09B00760E44 /* ColorTests.xctestplan */; };
		3A5EAFB12CC1808C00B58A3C /* LightStateView.swift in Sources */ = {isa = PBXBuildFile; fileRef = 3A5EAFB02CC1808C00B58A3C /* LightStateView.swift */; };
		3A5EAFB52CC1839E00B58A3C /* SimpleJSONTextView.swift in Sources */ = {isa = PBXBuildFile; fileRef = 3A5EAFB42CC1839E00B58A3C /* SimpleJSONTextView.swift */; };
		3A635B5B2CD749B700018B40 /* Settings.swift in Sources */ = {isa = PBXBuildFile; fileRef = 3A635B5A2CD749B300018B40 /* Settings.swift */; };
		3A635B6C2CDF831100018B40 /* ColorTests.swift in Sources */ = {isa = PBXBuildFile; fileRef = 3A635B6A2CDF831100018B40 /* ColorTests.swift */; };
		3A6995672CE0989000934BD4 /* RESTModel.swift in Sources */ = {isa = PBXBuildFile; fileRef = 3A6995662CE0988D00934BD4 /* RESTModel.swift */; };
		3A6995692CE4F31F00934BD4 /* Window.swift in Sources */ = {isa = PBXBuildFile; fileRef = 3A6995682CE4F31A00934BD4 /* Window.swift */; };
		3A739F812D8FF12D003D39D3 /* deCONZTests.xctestplan in Resources */ = {isa = PBXBuildFile; fileRef = 3A739F802D8FF12D003D39D3 /* deCONZTests.xctestplan */; };
		3A739F842D900A65003D39D3 /* Preview Assets.xcassets in Resources */ = {isa = PBXBuildFile; fileRef = 3A93B0492AD2F72B0038600F /* Preview Assets.xcassets */; };
		3A739F852D900A65003D39D3 /* Lights.json in Resources */ = {isa = PBXBuildFile; fileRef = 3A2BDF1A2CC8CCA400B582AA /* Lights.json */; };
		3A739F862D900A65003D39D3 /* Scenes.json in Resources */ = {isa = PBXBuildFile; fileRef = 3A2BDF1C2CC8E1C400B582AA /* Scenes.json */; };
		3A739F872D900A65003D39D3 /* Presets.json in Resources */ = {isa = PBXBuildFile; fileRef = 3A1EDD702AE3A454001637BD /* Presets.json */; };
		3A739F882D900A65003D39D3 /* Sidebar.json in Resources */ = {isa = PBXBuildFile; fileRef = 3A1EDD742AE3BEDE001637BD /* Sidebar.json */; };
		3A739F8A2D913DE5003D39D3 /* RESTObjects.swift in Sources */ = {isa = PBXBuildFile; fileRef = 3A739F892D913DE5003D39D3 /* RESTObjects.swift */; };
		3A739F8C2D913EDD003D39D3 /* deCONZGroupCRUD.swift in Sources */ = {isa = PBXBuildFile; fileRef = 3A739F8B2D913EDD003D39D3 /* deCONZGroupCRUD.swift */; };
		3A739F8E2D9145A8003D39D3 /* deCONZSceneCRUD.swift in Sources */ = {isa = PBXBuildFile; fileRef = 3A739F8D2D9145A8003D39D3 /* deCONZSceneCRUD.swift */; };
		3A848E2D2D04686C00BE19C6 /* Localizable.xcstrings in Resources */ = {isa = PBXBuildFile; fileRef = 3A848E2C2D04686C00BE19C6 /* Localizable.xcstrings */; };
		3A93B0432AD2F7290038600F /* SceneManagerApp.swift in Sources */ = {isa = PBXBuildFile; fileRef = 3A93B0422AD2F7290038600F /* SceneManagerApp.swift */; };
		3A93B0452AD2F7290038600F /* ContentView.swift in Sources */ = {isa = PBXBuildFile; fileRef = 3A93B0442AD2F7290038600F /* ContentView.swift */; };
		3A93B0472AD2F72B0038600F /* Assets.xcassets in Resources */ = {isa = PBXBuildFile; fileRef = 3A93B0462AD2F72B0038600F /* Assets.xcassets */; };
		3AD18D0F2DA2C91800AC1CC8 /* christmas.json in Resources */ = {isa = PBXBuildFile; fileRef = 3AD18D0C2DA2C91800AC1CC8 /* christmas.json */; };
		3AD18D102DA2C91800AC1CC8 /* underwater.json in Resources */ = {isa = PBXBuildFile; fileRef = 3AD18D0E2DA2C91800AC1CC8 /* underwater.json */; };
		3AD18D112DA2C91800AC1CC8 /* halloween.json in Resources */ = {isa = PBXBuildFile; fileRef = 3AD18D0D2DA2C91800AC1CC8 /* halloween.json */; };
/* End PBXBuildFile section */

/* Begin PBXContainerItemProxy section */
		3A2BDF5F2CCCF87800B582AA /* PBXContainerItemProxy */ = {
			isa = PBXContainerItemProxy;
			containerPortal = 3A93B0372AD2F7290038600F /* Project object */;
			proxyType = 1;
			remoteGlobalIDString = 3A2BDF582CCCF87800B582AA;
			remoteInfo = deCONZ;
		};
		3A2BDF9F2CCD682A00B582AA /* PBXContainerItemProxy */ = {
			isa = PBXContainerItemProxy;
			containerPortal = 3A93B0372AD2F7290038600F /* Project object */;
			proxyType = 1;
			remoteGlobalIDString = 3A93B03E2AD2F7290038600F;
			remoteInfo = "Swift Update";
		};
		3A635B652CDF830700018B40 /* PBXContainerItemProxy */ = {
			isa = PBXContainerItemProxy;
			containerPortal = 3A93B0372AD2F7290038600F /* Project object */;
			proxyType = 1;
			remoteGlobalIDString = 3A93B03E2AD2F7290038600F;
			remoteInfo = "Swift Update";
		};
/* End PBXContainerItemProxy section */

/* Begin PBXCopyFilesBuildPhase section */
		3A2BDF432CCCF46D00B582AA /* Embed Frameworks */ = {
			isa = PBXCopyFilesBuildPhase;
			buildActionMask = 2147483647;
			dstPath = "";
			dstSubfolderSpec = 10;
			files = (
				3A2BDF622CCCF87800B582AA /* deCONZ.framework in Embed Frameworks */,
			);
			name = "Embed Frameworks";
			runOnlyForDeploymentPostprocessing = 0;
		};
/* End PBXCopyFilesBuildPhase section */

/* Begin PBXFileReference section */
		3A1EDD532AE2BB81001637BD /* Presets.swift */ = {isa = PBXFileReference; lastKnownFileType = sourcecode.swift; path = Presets.swift; sourceTree = "<group>"; };
		3A1EDD552AE2BBCF001637BD /* Colors.swift */ = {isa = PBXFileReference; fileEncoding = 4; lastKnownFileType = sourcecode.swift; path = Colors.swift; sourceTree = "<group>"; };
		3A1EDD592AE2BD9D001637BD /* Sidebar.swift */ = {isa = PBXFileReference; lastKnownFileType = sourcecode.swift; path = Sidebar.swift; sourceTree = "<group>"; };
		3A1EDD5C2AE2C54B001637BD /* nightlight.json */ = {isa = PBXFileReference; fileEncoding = 4; lastKnownFileType = text.json; path = nightlight.json; sourceTree = "<group>"; };
		3A1EDD5D2AE2C54B001637BD /* relax.json */ = {isa = PBXFileReference; fileEncoding = 4; lastKnownFileType = text.json; path = relax.json; sourceTree = "<group>"; };
		3A1EDD602AE2C54B001637BD /* warm_medium.json */ = {isa = PBXFileReference; fileEncoding = 4; lastKnownFileType = text.json; path = warm_medium.json; sourceTree = "<group>"; };
		3A1EDD612AE2C54B001637BD /* cold_bright.json */ = {isa = PBXFileReference; fileEncoding = 4; lastKnownFileType = text.json; path = cold_bright.json; sourceTree = "<group>"; };
		3A1EDD642AE2C54B001637BD /* cold_medium.json */ = {isa = PBXFileReference; fileEncoding = 4; lastKnownFileType = text.json; path = cold_medium.json; sourceTree = "<group>"; };
		3A1EDD652AE2C54B001637BD /* warm_bright.json */ = {isa = PBXFileReference; fileEncoding = 4; lastKnownFileType = text.json; path = warm_bright.json; sourceTree = "<group>"; };
		3A1EDD702AE3A454001637BD /* Presets.json */ = {isa = PBXFileReference; lastKnownFileType = text.json; path = Presets.json; sourceTree = "<group>"; };
		3A1EDD722AE3B449001637BD /* Initializers.swift */ = {isa = PBXFileReference; lastKnownFileType = sourcecode.swift; path = Initializers.swift; sourceTree = "<group>"; };
		3A1EDD742AE3BEDE001637BD /* Sidebar.json */ = {isa = PBXFileReference; lastKnownFileType = text.json; path = Sidebar.json; sourceTree = "<group>"; };
		3A1EDD762AE449F2001637BD /* Lights.swift */ = {isa = PBXFileReference; lastKnownFileType = sourcecode.swift; path = Lights.swift; sourceTree = "<group>"; };
		3A2BDF012CC7BD2400B582AA /* Info.plist */ = {isa = PBXFileReference; lastKnownFileType = text.plist.xml; path = Info.plist; sourceTree = "<group>"; };
		3A2BDF1A2CC8CCA400B582AA /* Lights.json */ = {isa = PBXFileReference; lastKnownFileType = text.json; path = Lights.json; sourceTree = "<group>"; };
		3A2BDF1C2CC8E1C400B582AA /* Scenes.json */ = {isa = PBXFileReference; lastKnownFileType = text.json; path = Scenes.json; sourceTree = "<group>"; };
		3A2BDF592CCCF87800B582AA /* deCONZ.framework */ = {isa = PBXFileReference; explicitFileType = wrapper.framework; includeInIndex = 0; path = deCONZ.framework; sourceTree = BUILT_PRODUCTS_DIR; };
		3A2BDF6B2CCCF99200B582AA /* deCONZ.h */ = {isa = PBXFileReference; lastKnownFileType = sourcecode.c.h; path = deCONZ.h; sourceTree = "<group>"; };
		3A2BDF6C2CCCF99200B582AA /* deCONZ.docc */ = {isa = PBXFileReference; lastKnownFileType = folder.documentationcatalog; path = deCONZ.docc; sourceTree = "<group>"; };
		3A2BDF6D2CCCF99200B582AA /* JSON.swift */ = {isa = PBXFileReference; lastKnownFileType = sourcecode.swift; path = JSON.swift; sourceTree = "<group>"; };
		3A2BDF742CCCFCCD00B582AA /* Models.swift */ = {isa = PBXFileReference; lastKnownFileType = sourcecode.swift; path = Models.swift; sourceTree = "<group>"; };
		3A2BDF762CCD082C00B582AA /* RESTClient.swift */ = {isa = PBXFileReference; lastKnownFileType = sourcecode.swift; path = RESTClient.swift; sourceTree = "<group>"; };
		3A2BDF9B2CCD682A00B582AA /* deCONZTests.xctest */ = {isa = PBXFileReference; explicitFileType = wrapper.cfbundle; includeInIndex = 0; path = deCONZTests.xctest; sourceTree = BUILT_PRODUCTS_DIR; };
		3A2BDF9D2CCD682A00B582AA /* deCONZTests.swift */ = {isa = PBXFileReference; lastKnownFileType = sourcecode.swift; path = deCONZTests.swift; sourceTree = "<group>"; };
		3A2BDFA52CCE124A00B582AA /* RESTLight.swift */ = {isa = PBXFileReference; lastKnownFileType = sourcecode.swift; path = RESTLight.swift; sourceTree = "<group>"; };
		3A2BDFA82CCE731E00B582AA /* RESTGroup.swift */ = {isa = PBXFileReference; lastKnownFileType = sourcecode.swift; path = RESTGroup.swift; sourceTree = "<group>"; };
		3A2BDFAA2CCE778A00B582AA /* RESTScene.swift */ = {isa = PBXFileReference; lastKnownFileType = sourcecode.swift; path = RESTScene.swift; sourceTree = "<group>"; };
		3A41934D2D9EC897007E76F1 /* SceneConverter.app */ = {isa = PBXFileReference; explicitFileType = wrapper.application; includeInIndex = 0; path = SceneConverter.app; sourceTree = BUILT_PRODUCTS_DIR; };
		3A41935A2D9EC8B8007E76F1 /* ContentView.swift */ = {isa = PBXFileReference; lastKnownFileType = sourcecode.swift; path = ContentView.swift; sourceTree = "<group>"; };
		3A41935C2D9EC8B8007E76F1 /* SceneConverterApp.swift */ = {isa = PBXFileReference; lastKnownFileType = sourcecode.swift; path = SceneConverterApp.swift; sourceTree = "<group>"; };
		3A4193642D9EF98B007E76F1 /* Assets.xcassets */ = {isa = PBXFileReference; lastKnownFileType = folder.assetcatalog; path = Assets.xcassets; sourceTree = "<group>"; };
		3A4193652D9EF98B007E76F1 /* Info.plist */ = {isa = PBXFileReference; lastKnownFileType = text.plist.xml; path = Info.plist; sourceTree = "<group>"; };
		3A4193662D9EF98B007E76F1 /* SceneConverter.entitlements */ = {isa = PBXFileReference; lastKnownFileType = text.plist.entitlements; path = SceneConverter.entitlements; sourceTree = "<group>"; };
		3A41936A2D9F0179007E76F1 /* CLIPModels.swift */ = {isa = PBXFileReference; lastKnownFileType = sourcecode.swift; path = CLIPModels.swift; sourceTree = "<group>"; };
		3A41936C2D9F0F60007E76F1 /* PresetModels.swift */ = {isa = PBXFileReference; lastKnownFileType = sourcecode.swift; path = PresetModels.swift; sourceTree = "<group>"; };
		3A4193712DA041E1007E76F1 /* SearchField.swift */ = {isa = PBXFileReference; lastKnownFileType = sourcecode.swift; path = SearchField.swift; sourceTree = "<group>"; };
		3A462A7D2D8FE84200760E44 /* InfoPlist.strings */ = {isa = PBXFileReference; lastKnownFileType = text.plist.strings; path = InfoPlist.strings; sourceTree = "<group>"; };
		3A462A7F2D8FE85C00760E44 /* screenshot.png */ = {isa = PBXFileReference; lastKnownFileType = image.png; path = screenshot.png; sourceTree = "<group>"; };
		3A462A822D8FF09B00760E44 /* ColorTests.xctestplan */ = {isa = PBXFileReference; lastKnownFileType = text; path = ColorTests.xctestplan; sourceTree = "<group>"; };
		3A5EAFB02CC1808C00B58A3C /* LightStateView.swift */ = {isa = PBXFileReference; lastKnownFileType = sourcecode.swift; path = LightStateView.swift; sourceTree = "<group>"; };
		3A5EAFB42CC1839E00B58A3C /* SimpleJSONTextView.swift */ = {isa = PBXFileReference; lastKnownFileType = sourcecode.swift; path = SimpleJSONTextView.swift; sourceTree = "<group>"; };
		3A635B5A2CD749B300018B40 /* Settings.swift */ = {isa = PBXFileReference; lastKnownFileType = sourcecode.swift; path = Settings.swift; sourceTree = "<group>"; };
		3A635B612CDF830700018B40 /* ColorTests.xctest */ = {isa = PBXFileReference; explicitFileType = wrapper.cfbundle; includeInIndex = 0; path = ColorTests.xctest; sourceTree = BUILT_PRODUCTS_DIR; };
		3A635B6A2CDF831100018B40 /* ColorTests.swift */ = {isa = PBXFileReference; lastKnownFileType = sourcecode.swift; path = ColorTests.swift; sourceTree = "<group>"; };
		3A6995662CE0988D00934BD4 /* RESTModel.swift */ = {isa = PBXFileReference; lastKnownFileType = sourcecode.swift; path = RESTModel.swift; sourceTree = "<group>"; };
		3A6995682CE4F31A00934BD4 /* Window.swift */ = {isa = PBXFileReference; lastKnownFileType = sourcecode.swift; path = Window.swift; sourceTree = "<group>"; };
		3A739F802D8FF12D003D39D3 /* deCONZTests.xctestplan */ = {isa = PBXFileReference; lastKnownFileType = text; path = deCONZTests.xctestplan; sourceTree = "<group>"; };
		3A739F822D8FF162003D39D3 /* README.md */ = {isa = PBXFileReference; lastKnownFileType = net.daringfireball.markdown; path = README.md; sourceTree = SOURCE_ROOT; };
		3A739F892D913DE5003D39D3 /* RESTObjects.swift */ = {isa = PBXFileReference; lastKnownFileType = sourcecode.swift; path = RESTObjects.swift; sourceTree = "<group>"; };
		3A739F8B2D913EDD003D39D3 /* deCONZGroupCRUD.swift */ = {isa = PBXFileReference; lastKnownFileType = sourcecode.swift; path = deCONZGroupCRUD.swift; sourceTree = "<group>"; };
		3A739F8D2D9145A8003D39D3 /* deCONZSceneCRUD.swift */ = {isa = PBXFileReference; lastKnownFileType = sourcecode.swift; path = deCONZSceneCRUD.swift; sourceTree = "<group>"; };
		3A848E2C2D04686C00BE19C6 /* Localizable.xcstrings */ = {isa = PBXFileReference; lastKnownFileType = text.json.xcstrings; path = Localizable.xcstrings; sourceTree = "<group>"; };
		3A93B03F2AD2F7290038600F /* SceneManager.app */ = {isa = PBXFileReference; explicitFileType = wrapper.application; includeInIndex = 0; path = SceneManager.app; sourceTree = BUILT_PRODUCTS_DIR; };
		3A93B0422AD2F7290038600F /* SceneManagerApp.swift */ = {isa = PBXFileReference; lastKnownFileType = sourcecode.swift; path = SceneManagerApp.swift; sourceTree = "<group>"; };
		3A93B0442AD2F7290038600F /* ContentView.swift */ = {isa = PBXFileReference; lastKnownFileType = sourcecode.swift; path = ContentView.swift; sourceTree = "<group>"; };
		3A93B0462AD2F72B0038600F /* Assets.xcassets */ = {isa = PBXFileReference; lastKnownFileType = folder.assetcatalog; path = Assets.xcassets; sourceTree = "<group>"; };
		3A93B0492AD2F72B0038600F /* Preview Assets.xcassets */ = {isa = PBXFileReference; lastKnownFileType = folder.assetcatalog; path = "Preview Assets.xcassets"; sourceTree = "<group>"; };
		3A93B04B2AD2F72B0038600F /* SceneManager.entitlements */ = {isa = PBXFileReference; lastKnownFileType = text.plist.entitlements; path = SceneManager.entitlements; sourceTree = "<group>"; };
		3AD18D0C2DA2C91800AC1CC8 /* christmas.json */ = {isa = PBXFileReference; lastKnownFileType = text.json; path = christmas.json; sourceTree = "<group>"; };
		3AD18D0D2DA2C91800AC1CC8 /* halloween.json */ = {isa = PBXFileReference; lastKnownFileType = text.json; path = halloween.json; sourceTree = "<group>"; };
		3AD18D0E2DA2C91800AC1CC8 /* underwater.json */ = {isa = PBXFileReference; lastKnownFileType = text.json; path = underwater.json; sourceTree = "<group>"; };
/* End PBXFileReference section */

/* Begin PBXFrameworksBuildPhase section */
		3A2BDF562CCCF87800B582AA /* Frameworks */ = {
			isa = PBXFrameworksBuildPhase;
			buildActionMask = 2147483647;
			files = (
			);
			runOnlyForDeploymentPostprocessing = 0;
		};
		3A2BDF982CCD682A00B582AA /* Frameworks */ = {
			isa = PBXFrameworksBuildPhase;
			buildActionMask = 2147483647;
			files = (
			);
			runOnlyForDeploymentPostprocessing = 0;
		};
		3A41934A2D9EC897007E76F1 /* Frameworks */ = {
			isa = PBXFrameworksBuildPhase;
			buildActionMask = 2147483647;
			files = (
			);
			runOnlyForDeploymentPostprocessing = 0;
		};
		3A635B5E2CDF830700018B40 /* Frameworks */ = {
			isa = PBXFrameworksBuildPhase;
			buildActionMask = 2147483647;
			files = (
			);
			runOnlyForDeploymentPostprocessing = 0;
		};
		3A93B03C2AD2F7290038600F /* Frameworks */ = {
			isa = PBXFrameworksBuildPhase;
			buildActionMask = 2147483647;
			files = (
				3A2BDF612CCCF87800B582AA /* deCONZ.framework in Frameworks */,
			);
			runOnlyForDeploymentPostprocessing = 0;
		};
/* End PBXFrameworksBuildPhase section */

/* Begin PBXGroup section */
		3A1EDD5B2AE2C54B001637BD /* Presets */ = {
			isa = PBXGroup;
			children = (
				3AD18D0C2DA2C91800AC1CC8 /* christmas.json */,
				3A1EDD612AE2C54B001637BD /* cold_bright.json */,
				3A1EDD642AE2C54B001637BD /* cold_medium.json */,
				3AD18D0D2DA2C91800AC1CC8 /* halloween.json */,
				3A1EDD5C2AE2C54B001637BD /* nightlight.json */,
				3A1EDD5D2AE2C54B001637BD /* relax.json */,
				3AD18D0E2DA2C91800AC1CC8 /* underwater.json */,
				3A1EDD652AE2C54B001637BD /* warm_bright.json */,
				3A1EDD602AE2C54B001637BD /* warm_medium.json */,
			);
			name = Presets;
			path = SceneManager/Resources/Presets;
			sourceTree = SOURCE_ROOT;
		};
		3A2BDF6F2CCCF99200B582AA /* deCONZ */ = {
			isa = PBXGroup;
			children = (
				3A2BDF6B2CCCF99200B582AA /* deCONZ.h */,
				3A2BDF742CCCFCCD00B582AA /* Models.swift */,
				3A6995662CE0988D00934BD4 /* RESTModel.swift */,
				3A2BDF762CCD082C00B582AA /* RESTClient.swift */,
				3A2BDFA72CCE72AF00B582AA /* RESTModels */,
				3A2BDF6D2CCCF99200B582AA /* JSON.swift */,
				3A2BDFA42CCD684100B582AA /* Tests */,
				3A2BDF6C2CCCF99200B582AA /* deCONZ.docc */,
			);
			path = deCONZ;
			sourceTree = "<group>";
		};
		3A2BDFA42CCD684100B582AA /* Tests */ = {
			isa = PBXGroup;
			children = (
				3A739F802D8FF12D003D39D3 /* deCONZTests.xctestplan */,
				3A2BDF9D2CCD682A00B582AA /* deCONZTests.swift */,
				3A739F8B2D913EDD003D39D3 /* deCONZGroupCRUD.swift */,
				3A739F8D2D9145A8003D39D3 /* deCONZSceneCRUD.swift */,
			);
			path = Tests;
			sourceTree = "<group>";
		};
		3A2BDFA72CCE72AF00B582AA /* RESTModels */ = {
			isa = PBXGroup;
			children = (
				3A739F892D913DE5003D39D3 /* RESTObjects.swift */,
				3A2BDFA52CCE124A00B582AA /* RESTLight.swift */,
				3A2BDFA82CCE731E00B582AA /* RESTGroup.swift */,
				3A2BDFAA2CCE778A00B582AA /* RESTScene.swift */,
			);
			path = RESTModels;
			sourceTree = "<group>";
		};
		3A41935D2D9EC8B8007E76F1 /* SceneConverter */ = {
			isa = PBXGroup;
			children = (
				3A4193672D9EF98B007E76F1 /* Resources */,
				3A41935A2D9EC8B8007E76F1 /* ContentView.swift */,
				3A41935C2D9EC8B8007E76F1 /* SceneConverterApp.swift */,
				3A41936A2D9F0179007E76F1 /* CLIPModels.swift */,
				3A41936C2D9F0F60007E76F1 /* PresetModels.swift */,
			);
			path = SceneConverter;
			sourceTree = "<group>";
		};
		3A4193672D9EF98B007E76F1 /* Resources */ = {
			isa = PBXGroup;
			children = (
				3A4193642D9EF98B007E76F1 /* Assets.xcassets */,
				3A4193652D9EF98B007E76F1 /* Info.plist */,
				3A4193662D9EF98B007E76F1 /* SceneConverter.entitlements */,
			);
			path = Resources;
			sourceTree = "<group>";
		};
		3A635B6B2CDF831100018B40 /* Tests */ = {
			isa = PBXGroup;
			children = (
				3A462A822D8FF09B00760E44 /* ColorTests.xctestplan */,
				3A635B6A2CDF831100018B40 /* ColorTests.swift */,
			);
			path = Tests;
			sourceTree = "<group>";
		};
		3A848E2E2D046D8600BE19C6 /* Resources */ = {
			isa = PBXGroup;
			children = (
				3A1EDD5B2AE2C54B001637BD /* Presets */,
				3A93B0482AD2F72B0038600F /* Preview Content */,
				3A93B0462AD2F72B0038600F /* Assets.xcassets */,
				3A2BDF012CC7BD2400B582AA /* Info.plist */,
				3A462A7D2D8FE84200760E44 /* InfoPlist.strings */,
				3A93B04B2AD2F72B0038600F /* SceneManager.entitlements */,
				3A848E2C2D04686C00BE19C6 /* Localizable.xcstrings */,
				3A739F822D8FF162003D39D3 /* README.md */,
				3A462A7F2D8FE85C00760E44 /* screenshot.png */,
			);
			path = Resources;
			sourceTree = "<group>";
		};
		3A93B0362AD2F7290038600F = {
			isa = PBXGroup;
			children = (
				3A93B0412AD2F7290038600F /* SceneManager */,
				3A2BDF6F2CCCF99200B582AA /* deCONZ */,
				3A41935D2D9EC8B8007E76F1 /* SceneConverter */,
				3A93B0402AD2F7290038600F /* Products */,
			);
			sourceTree = "<group>";
		};
		3A93B0402AD2F7290038600F /* Products */ = {
			isa = PBXGroup;
			children = (
				3A93B03F2AD2F7290038600F /* SceneManager.app */,
				3A2BDF592CCCF87800B582AA /* deCONZ.framework */,
				3A2BDF9B2CCD682A00B582AA /* deCONZTests.xctest */,
				3A635B612CDF830700018B40 /* ColorTests.xctest */,
				3A41934D2D9EC897007E76F1 /* SceneConverter.app */,
			);
			name = Products;
			sourceTree = "<group>";
		};
		3A93B0412AD2F7290038600F /* SceneManager */ = {
			isa = PBXGroup;
			children = (
				3A6995682CE4F31A00934BD4 /* Window.swift */,
				3A93B0422AD2F7290038600F /* SceneManagerApp.swift */,
				3A93B0442AD2F7290038600F /* ContentView.swift */,
				3A1EDD592AE2BD9D001637BD /* Sidebar.swift */,
				3A1EDD762AE449F2001637BD /* Lights.swift */,
				3A5EAFB02CC1808C00B58A3C /* LightStateView.swift */,
				3A1EDD532AE2BB81001637BD /* Presets.swift */,
				3A635B5A2CD749B300018B40 /* Settings.swift */,
				3A848E2E2D046D8600BE19C6 /* Resources */,
				3A5EAFB42CC1839E00B58A3C /* SimpleJSONTextView.swift */,
				3A4193712DA041E1007E76F1 /* SearchField.swift */,
				3A1EDD552AE2BBCF001637BD /* Colors.swift */,
				3A635B6B2CDF831100018B40 /* Tests */,
			);
			path = SceneManager;
			sourceTree = "<group>";
		};
		3A93B0482AD2F72B0038600F /* Preview Content */ = {
			isa = PBXGroup;
			children = (
				3A93B0492AD2F72B0038600F /* Preview Assets.xcassets */,
				3A1EDD722AE3B449001637BD /* Initializers.swift */,
				3A2BDF1A2CC8CCA400B582AA /* Lights.json */,
				3A2BDF1C2CC8E1C400B582AA /* Scenes.json */,
				3A1EDD702AE3A454001637BD /* Presets.json */,
				3A1EDD742AE3BEDE001637BD /* Sidebar.json */,
			);
			path = "Preview Content";
			sourceTree = "<group>";
		};
/* End PBXGroup section */

/* Begin PBXHeadersBuildPhase section */
		3A2BDF542CCCF87800B582AA /* Headers */ = {
			isa = PBXHeadersBuildPhase;
			buildActionMask = 2147483647;
			files = (
				3A2BDF702CCCF99200B582AA /* deCONZ.h in Headers */,
			);
			runOnlyForDeploymentPostprocessing = 0;
		};
/* End PBXHeadersBuildPhase section */

/* Begin PBXNativeTarget section */
		3A2BDF582CCCF87800B582AA /* deCONZ */ = {
			isa = PBXNativeTarget;
			buildConfigurationList = 3A2BDF642CCCF87800B582AA /* Build configuration list for PBXNativeTarget "deCONZ" */;
			buildPhases = (
				3A2BDF542CCCF87800B582AA /* Headers */,
				3A2BDF552CCCF87800B582AA /* Sources */,
				3A2BDF562CCCF87800B582AA /* Frameworks */,
				3A2BDF572CCCF87800B582AA /* Resources */,
			);
			buildRules = (
			);
			dependencies = (
			);
			name = deCONZ;
			packageProductDependencies = (
			);
			productName = deCONZ;
			productReference = 3A2BDF592CCCF87800B582AA /* deCONZ.framework */;
			productType = "com.apple.product-type.framework";
		};
		3A2BDF9A2CCD682A00B582AA /* deCONZTests */ = {
			isa = PBXNativeTarget;
			buildConfigurationList = 3A2BDFA12CCD682A00B582AA /* Build configuration list for PBXNativeTarget "deCONZTests" */;
			buildPhases = (
				3A2BDF972CCD682A00B582AA /* Sources */,
				3A2BDF982CCD682A00B582AA /* Frameworks */,
				3A2BDF992CCD682A00B582AA /* Resources */,
			);
			buildRules = (
			);
			dependencies = (
				3A2BDFA02CCD682A00B582AA /* PBXTargetDependency */,
			);
			name = deCONZTests;
			packageProductDependencies = (
			);
			productName = deCONZTests;
			productReference = 3A2BDF9B2CCD682A00B582AA /* deCONZTests.xctest */;
			productType = "com.apple.product-type.bundle.unit-test";
		};
		3A41934C2D9EC897007E76F1 /* SceneConverter */ = {
			isa = PBXNativeTarget;
			buildConfigurationList = 3A4193582D9EC899007E76F1 /* Build configuration list for PBXNativeTarget "SceneConverter" */;
			buildPhases = (
				3A4193492D9EC897007E76F1 /* Sources */,
				3A41934A2D9EC897007E76F1 /* Frameworks */,
				3A41934B2D9EC897007E76F1 /* Resources */,
			);
			buildRules = (
			);
			dependencies = (
			);
			name = SceneConverter;
			packageProductDependencies = (
			);
			productName = sceneconverter;
			productReference = 3A41934D2D9EC897007E76F1 /* SceneConverter.app */;
			productType = "com.apple.product-type.application";
		};
		3A635B602CDF830700018B40 /* ColorTests */ = {
			isa = PBXNativeTarget;
			buildConfigurationList = 3A635B672CDF830700018B40 /* Build configuration list for PBXNativeTarget "ColorTests" */;
			buildPhases = (
				3A635B5D2CDF830700018B40 /* Sources */,
				3A635B5E2CDF830700018B40 /* Frameworks */,
				3A635B5F2CDF830700018B40 /* Resources */,
			);
			buildRules = (
			);
			dependencies = (
				3A635B662CDF830700018B40 /* PBXTargetDependency */,
			);
			name = ColorTests;
			packageProductDependencies = (
			);
			productName = Colors;
			productReference = 3A635B612CDF830700018B40 /* ColorTests.xctest */;
			productType = "com.apple.product-type.bundle.unit-test";
		};
		3A93B03E2AD2F7290038600F /* SceneManager */ = {
			isa = PBXNativeTarget;
			buildConfigurationList = 3A93B04E2AD2F72B0038600F /* Build configuration list for PBXNativeTarget "SceneManager" */;
			buildPhases = (
				3A93B03B2AD2F7290038600F /* Sources */,
				3A93B03C2AD2F7290038600F /* Frameworks */,
				3A93B03D2AD2F7290038600F /* Resources */,
				3A2BDF432CCCF46D00B582AA /* Embed Frameworks */,
			);
			buildRules = (
			);
			dependencies = (
				3A2BDF602CCCF87800B582AA /* PBXTargetDependency */,
			);
			name = SceneManager;
			productName = SwiftUpdate;
			productReference = 3A93B03F2AD2F7290038600F /* SceneManager.app */;
			productType = "com.apple.product-type.application";
		};
/* End PBXNativeTarget section */

/* Begin PBXProject section */
		3A93B0372AD2F7290038600F /* Project object */ = {
			isa = PBXProject;
			attributes = {
				BuildIndependentTargetsInParallel = 1;
				LastSwiftUpdateCheck = 1630;
				LastUpgradeCheck = 1610;
				TargetAttributes = {
					3A2BDF582CCCF87800B582AA = {
						CreatedOnToolsVersion = 16.0;
					};
					3A2BDF9A2CCD682A00B582AA = {
						CreatedOnToolsVersion = 16.0;
						TestTargetID = 3A93B03E2AD2F7290038600F;
					};
					3A41934C2D9EC897007E76F1 = {
						CreatedOnToolsVersion = 16.3;
					};
					3A635B602CDF830700018B40 = {
						CreatedOnToolsVersion = 16.1;
						TestTargetID = 3A93B03E2AD2F7290038600F;
					};
					3A93B03E2AD2F7290038600F = {
						CreatedOnToolsVersion = 15.0;
					};
				};
			};
			buildConfigurationList = 3A93B03A2AD2F7290038600F /* Build configuration list for PBXProject "SceneManager" */;
			compatibilityVersion = "Xcode 14.0";
			developmentRegion = en;
			hasScannedForEncodings = 0;
			knownRegions = (
				en,
				Base,
			);
			mainGroup = 3A93B0362AD2F7290038600F;
			productRefGroup = 3A93B0402AD2F7290038600F /* Products */;
			projectDirPath = "";
			projectRoot = "";
			targets = (
				3A93B03E2AD2F7290038600F /* SceneManager */,
				3A2BDF582CCCF87800B582AA /* deCONZ */,
				3A2BDF9A2CCD682A00B582AA /* deCONZTests */,
				3A635B602CDF830700018B40 /* ColorTests */,
				3A41934C2D9EC897007E76F1 /* SceneConverter */,
			);
		};
/* End PBXProject section */

/* Begin PBXResourcesBuildPhase section */
		3A2BDF572CCCF87800B582AA /* Resources */ = {
			isa = PBXResourcesBuildPhase;
			buildActionMask = 2147483647;
			files = (
			);
			runOnlyForDeploymentPostprocessing = 0;
		};
		3A2BDF992CCD682A00B582AA /* Resources */ = {
			isa = PBXResourcesBuildPhase;
			buildActionMask = 2147483647;
			files = (
				3A739F812D8FF12D003D39D3 /* deCONZTests.xctestplan in Resources */,
			);
			runOnlyForDeploymentPostprocessing = 0;
		};
		3A41934B2D9EC897007E76F1 /* Resources */ = {
			isa = PBXResourcesBuildPhase;
			buildActionMask = 2147483647;
			files = (
				3A4193682D9EF98B007E76F1 /* Assets.xcassets in Resources */,
			);
			runOnlyForDeploymentPostprocessing = 0;
		};
		3A635B5F2CDF830700018B40 /* Resources */ = {
			isa = PBXResourcesBuildPhase;
			buildActionMask = 2147483647;
			files = (
				3A462A832D8FF09B00760E44 /* ColorTests.xctestplan in Resources */,
			);
			runOnlyForDeploymentPostprocessing = 0;
		};
		3A93B03D2AD2F7290038600F /* Resources */ = {
			isa = PBXResourcesBuildPhase;
			buildActionMask = 2147483647;
			files = (
				3A739F842D900A65003D39D3 /* Preview Assets.xcassets in Resources */,
				3A739F852D900A65003D39D3 /* Lights.json in Resources */,
				3A739F862D900A65003D39D3 /* Scenes.json in Resources */,
				3A739F872D900A65003D39D3 /* Presets.json in Resources */,
				3A739F882D900A65003D39D3 /* Sidebar.json in Resources */,
				3A848E2D2D04686C00BE19C6 /* Localizable.xcstrings in Resources */,
				3A1EDD6B2AE2C54B001637BD /* cold_bright.json in Resources */,
				3A1EDD6A2AE2C54B001637BD /* warm_medium.json in Resources */,
				3A93B0472AD2F72B0038600F /* Assets.xcassets in Resources */,
				3A462A7E2D8FE84200760E44 /* InfoPlist.strings in Resources */,
				3A1EDD672AE2C54B001637BD /* relax.json in Resources */,
				3AD18D0F2DA2C91800AC1CC8 /* christmas.json in Resources */,
				3AD18D102DA2C91800AC1CC8 /* underwater.json in Resources */,
				3AD18D112DA2C91800AC1CC8 /* halloween.json in Resources */,
				3A1EDD662AE2C54B001637BD /* nightlight.json in Resources */,
				3A1EDD6E2AE2C54B001637BD /* cold_medium.json in Resources */,
				3A1EDD6F2AE2C54B001637BD /* warm_bright.json in Resources */,
			);
			runOnlyForDeploymentPostprocessing = 0;
		};
/* End PBXResourcesBuildPhase section */

/* Begin PBXSourcesBuildPhase section */
		3A2BDF552CCCF87800B582AA /* Sources */ = {
			isa = PBXSourcesBuildPhase;
			buildActionMask = 2147483647;
			files = (
				3A739F8A2D913DE5003D39D3 /* RESTObjects.swift in Sources */,
				3A2BDF712CCCF99200B582AA /* deCONZ.docc in Sources */,
				3A6995672CE0989000934BD4 /* RESTModel.swift in Sources */,
				3A2BDFA92CCE731E00B582AA /* RESTGroup.swift in Sources */,
				3A2BDFAB2CCE778A00B582AA /* RESTScene.swift in Sources */,
				3A2BDF772CCD082C00B582AA /* RESTClient.swift in Sources */,
				3A2BDFA62CCE125100B582AA /* RESTLight.swift in Sources */,
				3A2BDF722CCCF99200B582AA /* JSON.swift in Sources */,
				3A2BDF752CCCFCCD00B582AA /* Models.swift in Sources */,
			);
			runOnlyForDeploymentPostprocessing = 0;
		};
		3A2BDF972CCD682A00B582AA /* Sources */ = {
			isa = PBXSourcesBuildPhase;
			buildActionMask = 2147483647;
			files = (
				3A739F8E2D9145A8003D39D3 /* deCONZSceneCRUD.swift in Sources */,
				3A739F8C2D913EDD003D39D3 /* deCONZGroupCRUD.swift in Sources */,
				3A2BDF9E2CCD682A00B582AA /* deCONZTests.swift in Sources */,
			);
			runOnlyForDeploymentPostprocessing = 0;
		};
		3A4193492D9EC897007E76F1 /* Sources */ = {
			isa = PBXSourcesBuildPhase;
			buildActionMask = 2147483647;
			files = (
				3A41935E2D9EC8B8007E76F1 /* SceneConverterApp.swift in Sources */,
				3A41936E2DA0083F007E76F1 /* JSON.swift in Sources */,
				3A41936B2D9F0179007E76F1 /* CLIPModels.swift in Sources */,
				3A41935F2D9EC8B8007E76F1 /* ContentView.swift in Sources */,
				3A41936D2D9F0F60007E76F1 /* PresetModels.swift in Sources */,
			);
			runOnlyForDeploymentPostprocessing = 0;
		};
		3A635B5D2CDF830700018B40 /* Sources */ = {
			isa = PBXSourcesBuildPhase;
			buildActionMask = 2147483647;
			files = (
				3A635B6C2CDF831100018B40 /* ColorTests.swift in Sources */,
			);
			runOnlyForDeploymentPostprocessing = 0;
		};
		3A93B03B2AD2F7290038600F /* Sources */ = {
			isa = PBXSourcesBuildPhase;
			buildActionMask = 2147483647;
			files = (
				3A1EDD562AE2BBCF001637BD /* Colors.swift in Sources */,
				3A5EAFB52CC1839E00B58A3C /* SimpleJSONTextView.swift in Sources */,
				3A1EDD772AE449F2001637BD /* Lights.swift in Sources */,
				3A1EDD732AE3B449001637BD /* Initializers.swift in Sources */,
				3A635B5B2CD749B700018B40 /* Settings.swift in Sources */,
				3A93B0452AD2F7290038600F /* ContentView.swift in Sources */,
				3A4193722DA041E4007E76F1 /* SearchField.swift in Sources */,
				3A1EDD542AE2BB81001637BD /* Presets.swift in Sources */,
				3A1EDD5A2AE2BD9D001637BD /* Sidebar.swift in Sources */,
				3A93B0432AD2F7290038600F /* SceneManagerApp.swift in Sources */,
				3A5EAFB12CC1808C00B58A3C /* LightStateView.swift in Sources */,
				3A6995692CE4F31F00934BD4 /* Window.swift in Sources */,
			);
			runOnlyForDeploymentPostprocessing = 0;
		};
/* End PBXSourcesBuildPhase section */

/* Begin PBXTargetDependency section */
		3A2BDF602CCCF87800B582AA /* PBXTargetDependency */ = {
			isa = PBXTargetDependency;
			target = 3A2BDF582CCCF87800B582AA /* deCONZ */;
			targetProxy = 3A2BDF5F2CCCF87800B582AA /* PBXContainerItemProxy */;
		};
		3A2BDFA02CCD682A00B582AA /* PBXTargetDependency */ = {
			isa = PBXTargetDependency;
			target = 3A93B03E2AD2F7290038600F /* SceneManager */;
			targetProxy = 3A2BDF9F2CCD682A00B582AA /* PBXContainerItemProxy */;
		};
		3A635B662CDF830700018B40 /* PBXTargetDependency */ = {
			isa = PBXTargetDependency;
			target = 3A93B03E2AD2F7290038600F /* SceneManager */;
			targetProxy = 3A635B652CDF830700018B40 /* PBXContainerItemProxy */;
		};
/* End PBXTargetDependency section */

/* Begin XCBuildConfiguration section */
		3A2BDF652CCCF87800B582AA /* Debug */ = {
			isa = XCBuildConfiguration;
			buildSettings = {
				BUILD_LIBRARY_FOR_DISTRIBUTION = YES;
				CODE_SIGN_IDENTITY = "";
				"CODE_SIGN_IDENTITY[sdk=macosx*]" = "-";
				CODE_SIGN_STYLE = Automatic;
				COMBINE_HIDPI_IMAGES = YES;
				CURRENT_PROJECT_VERSION = 1;
				DEFINES_MODULE = YES;
				DEVELOPMENT_TEAM = P39XGK2VAV;
				DYLIB_COMPATIBILITY_VERSION = 1;
				DYLIB_CURRENT_VERSION = 1;
				DYLIB_INSTALL_NAME_BASE = "@rpath";
				ENABLE_MODULE_VERIFIER = YES;
				GENERATE_INFOPLIST_FILE = YES;
				INFOPLIST_KEY_NSHumanReadableCopyright = "";
				INSTALL_PATH = "$(LOCAL_LIBRARY_DIR)/Frameworks";
				LD_RUNPATH_SEARCH_PATHS = (
					"$(inherited)",
					"@executable_path/../Frameworks",
					"@loader_path/Frameworks",
				);
				MACOSX_DEPLOYMENT_TARGET = 15.0;
				MARKETING_VERSION = 1.0;
				MODULE_VERIFIER_SUPPORTED_LANGUAGES = "objective-c objective-c++";
				MODULE_VERIFIER_SUPPORTED_LANGUAGE_STANDARDS = "gnu17 gnu++20";
				OTHER_SWIFT_FLAGS = "-no-verify-emitted-module-interface";
				PRODUCT_BUNDLE_IDENTIFIER = com.hanskroner.deconz;
				PRODUCT_NAME = "$(TARGET_NAME:c99extidentifier)";
				SKIP_INSTALL = YES;
				SWIFT_EMIT_LOC_STRINGS = YES;
				SWIFT_INSTALL_OBJC_HEADER = NO;
				SWIFT_VERSION = 5.0;
				VERSIONING_SYSTEM = "apple-generic";
				VERSION_INFO_PREFIX = "";
			};
			name = Debug;
		};
		3A2BDF662CCCF87800B582AA /* Release */ = {
			isa = XCBuildConfiguration;
			buildSettings = {
				BUILD_LIBRARY_FOR_DISTRIBUTION = YES;
				CODE_SIGN_IDENTITY = "";
				"CODE_SIGN_IDENTITY[sdk=macosx*]" = "-";
				CODE_SIGN_STYLE = Automatic;
				COMBINE_HIDPI_IMAGES = YES;
				CURRENT_PROJECT_VERSION = 1;
				DEFINES_MODULE = YES;
				DEVELOPMENT_TEAM = P39XGK2VAV;
				DYLIB_COMPATIBILITY_VERSION = 1;
				DYLIB_CURRENT_VERSION = 1;
				DYLIB_INSTALL_NAME_BASE = "@rpath";
				ENABLE_MODULE_VERIFIER = YES;
				GENERATE_INFOPLIST_FILE = YES;
				INFOPLIST_KEY_NSHumanReadableCopyright = "";
				INSTALL_PATH = "$(LOCAL_LIBRARY_DIR)/Frameworks";
				LD_RUNPATH_SEARCH_PATHS = (
					"$(inherited)",
					"@executable_path/../Frameworks",
					"@loader_path/Frameworks",
				);
				MACOSX_DEPLOYMENT_TARGET = 15.0;
				MARKETING_VERSION = 1.0;
				MODULE_VERIFIER_SUPPORTED_LANGUAGES = "objective-c objective-c++";
				MODULE_VERIFIER_SUPPORTED_LANGUAGE_STANDARDS = "gnu17 gnu++20";
				OTHER_SWIFT_FLAGS = "-no-verify-emitted-module-interface";
				PRODUCT_BUNDLE_IDENTIFIER = com.hanskroner.deconz;
				PRODUCT_NAME = "$(TARGET_NAME:c99extidentifier)";
				SKIP_INSTALL = YES;
				SWIFT_EMIT_LOC_STRINGS = YES;
				SWIFT_INSTALL_OBJC_HEADER = NO;
				SWIFT_VERSION = 5.0;
				VERSIONING_SYSTEM = "apple-generic";
				VERSION_INFO_PREFIX = "";
			};
			name = Release;
		};
		3A2BDFA22CCD682A00B582AA /* Debug */ = {
			isa = XCBuildConfiguration;
			buildSettings = {
				BUNDLE_LOADER = "$(TEST_HOST)";
				CODE_SIGN_STYLE = Automatic;
				CURRENT_PROJECT_VERSION = 1;
				DEVELOPMENT_TEAM = "";
				GENERATE_INFOPLIST_FILE = YES;
				MACOSX_DEPLOYMENT_TARGET = 15.0;
				MARKETING_VERSION = 1.0;
				PRODUCT_BUNDLE_IDENTIFIER = "com.hanskroner.deconz-tests";
				PRODUCT_NAME = "$(TARGET_NAME)";
				SWIFT_EMIT_LOC_STRINGS = NO;
				SWIFT_VERSION = 5.0;
				TEST_HOST = "$(BUILT_PRODUCTS_DIR)/SceneManager.app/$(BUNDLE_EXECUTABLE_FOLDER_PATH)/SceneManager";
			};
			name = Debug;
		};
		3A2BDFA32CCD682A00B582AA /* Release */ = {
			isa = XCBuildConfiguration;
			buildSettings = {
				BUNDLE_LOADER = "$(TEST_HOST)";
				CODE_SIGN_STYLE = Automatic;
				CURRENT_PROJECT_VERSION = 1;
				DEVELOPMENT_TEAM = "";
				GENERATE_INFOPLIST_FILE = YES;
				MACOSX_DEPLOYMENT_TARGET = 15.0;
				MARKETING_VERSION = 1.0;
				PRODUCT_BUNDLE_IDENTIFIER = "com.hanskroner.deconz-tests";
				PRODUCT_NAME = "$(TARGET_NAME)";
				SWIFT_EMIT_LOC_STRINGS = NO;
				SWIFT_VERSION = 5.0;
				TEST_HOST = "$(BUILT_PRODUCTS_DIR)/SceneManager.app/$(BUNDLE_EXECUTABLE_FOLDER_PATH)/SceneManager";
			};
			name = Release;
		};
		3A4193562D9EC899007E76F1 /* Debug */ = {
			isa = XCBuildConfiguration;
			buildSettings = {
				ASSETCATALOG_COMPILER_APPICON_NAME = AppIcon;
				ASSETCATALOG_COMPILER_GLOBAL_ACCENT_COLOR_NAME = AccentColor;
				CODE_SIGN_ENTITLEMENTS = SceneConverter/Resources/SceneConverter.entitlements;
				"CODE_SIGN_IDENTITY[sdk=macosx*]" = "-";
				CODE_SIGN_STYLE = Automatic;
				COMBINE_HIDPI_IMAGES = YES;
				CURRENT_PROJECT_VERSION = 1;
				DEVELOPMENT_TEAM = P39XGK2VAV;
				ENABLE_HARDENED_RUNTIME = YES;
				ENABLE_PREVIEWS = YES;
				GENERATE_INFOPLIST_FILE = YES;
				INFOPLIST_FILE = SceneConverter/Resources/Info.plist;
				INFOPLIST_KEY_NSHumanReadableCopyright = "";
				LD_RUNPATH_SEARCH_PATHS = (
					"$(inherited)",
					"@executable_path/../Frameworks",
				);
				MACOSX_DEPLOYMENT_TARGET = 15.0;
				MARKETING_VERSION = 1.0;
				PRODUCT_BUNDLE_IDENTIFIER = com.hangbunny.sceneconverter;
				PRODUCT_NAME = "$(TARGET_NAME)";
				REGISTER_APP_GROUPS = YES;
				SWIFT_EMIT_LOC_STRINGS = YES;
				SWIFT_VERSION = 5.0;
			};
			name = Debug;
		};
		3A4193572D9EC899007E76F1 /* Release */ = {
			isa = XCBuildConfiguration;
			buildSettings = {
				ASSETCATALOG_COMPILER_APPICON_NAME = AppIcon;
				ASSETCATALOG_COMPILER_GLOBAL_ACCENT_COLOR_NAME = AccentColor;
				CODE_SIGN_ENTITLEMENTS = SceneConverter/Resources/SceneConverter.entitlements;
				"CODE_SIGN_IDENTITY[sdk=macosx*]" = "-";
				CODE_SIGN_STYLE = Automatic;
				COMBINE_HIDPI_IMAGES = YES;
				CURRENT_PROJECT_VERSION = 1;
				DEVELOPMENT_TEAM = P39XGK2VAV;
				ENABLE_HARDENED_RUNTIME = YES;
				ENABLE_PREVIEWS = YES;
				GENERATE_INFOPLIST_FILE = YES;
				INFOPLIST_FILE = SceneConverter/Resources/Info.plist;
				INFOPLIST_KEY_NSHumanReadableCopyright = "";
				LD_RUNPATH_SEARCH_PATHS = (
					"$(inherited)",
					"@executable_path/../Frameworks",
				);
				MACOSX_DEPLOYMENT_TARGET = 15.0;
				MARKETING_VERSION = 1.0;
				PRODUCT_BUNDLE_IDENTIFIER = com.hangbunny.sceneconverter;
				PRODUCT_NAME = "$(TARGET_NAME)";
				REGISTER_APP_GROUPS = YES;
				SWIFT_EMIT_LOC_STRINGS = YES;
				SWIFT_VERSION = 5.0;
			};
			name = Release;
		};
		3A635B682CDF830700018B40 /* Debug */ = {
			isa = XCBuildConfiguration;
			buildSettings = {
				BUNDLE_LOADER = "$(TEST_HOST)";
				CODE_SIGN_STYLE = Automatic;
				CURRENT_PROJECT_VERSION = 1;
				DEVELOPMENT_TEAM = "";
				GENERATE_INFOPLIST_FILE = YES;
				MACOSX_DEPLOYMENT_TARGET = 15.0;
				MARKETING_VERSION = 1.0;
				PRODUCT_BUNDLE_IDENTIFIER = "com.hanskroner.color-tests";
				PRODUCT_NAME = "$(TARGET_NAME)";
				SWIFT_EMIT_LOC_STRINGS = NO;
				SWIFT_VERSION = 5.0;
				TEST_HOST = "$(BUILT_PRODUCTS_DIR)/SceneManager.app/$(BUNDLE_EXECUTABLE_FOLDER_PATH)/SceneManager";
			};
			name = Debug;
		};
		3A635B692CDF830700018B40 /* Release */ = {
			isa = XCBuildConfiguration;
			buildSettings = {
				BUNDLE_LOADER = "$(TEST_HOST)";
				CODE_SIGN_STYLE = Automatic;
				CURRENT_PROJECT_VERSION = 1;
				DEVELOPMENT_TEAM = "";
				GENERATE_INFOPLIST_FILE = YES;
				MACOSX_DEPLOYMENT_TARGET = 15.0;
				MARKETING_VERSION = 1.0;
				PRODUCT_BUNDLE_IDENTIFIER = "com.hanskroner.color-tests";
				PRODUCT_NAME = "$(TARGET_NAME)";
				SWIFT_EMIT_LOC_STRINGS = NO;
				SWIFT_VERSION = 5.0;
				TEST_HOST = "$(BUILT_PRODUCTS_DIR)/SceneManager.app/$(BUNDLE_EXECUTABLE_FOLDER_PATH)/SceneManager";
			};
			name = Release;
		};
		3A93B04C2AD2F72B0038600F /* Debug */ = {
			isa = XCBuildConfiguration;
			buildSettings = {
				ALWAYS_SEARCH_USER_PATHS = NO;
				ASSETCATALOG_COMPILER_GENERATE_SWIFT_ASSET_SYMBOL_EXTENSIONS = YES;
				CLANG_ANALYZER_NONNULL = YES;
				CLANG_ANALYZER_NUMBER_OBJECT_CONVERSION = YES_AGGRESSIVE;
				CLANG_CXX_LANGUAGE_STANDARD = "gnu++20";
				CLANG_ENABLE_MODULES = YES;
				CLANG_ENABLE_OBJC_ARC = YES;
				CLANG_ENABLE_OBJC_WEAK = YES;
				CLANG_WARN_BLOCK_CAPTURE_AUTORELEASING = YES;
				CLANG_WARN_BOOL_CONVERSION = YES;
				CLANG_WARN_COMMA = YES;
				CLANG_WARN_CONSTANT_CONVERSION = YES;
				CLANG_WARN_DEPRECATED_OBJC_IMPLEMENTATIONS = YES;
				CLANG_WARN_DIRECT_OBJC_ISA_USAGE = YES_ERROR;
				CLANG_WARN_DOCUMENTATION_COMMENTS = YES;
				CLANG_WARN_EMPTY_BODY = YES;
				CLANG_WARN_ENUM_CONVERSION = YES;
				CLANG_WARN_INFINITE_RECURSION = YES;
				CLANG_WARN_INT_CONVERSION = YES;
				CLANG_WARN_NON_LITERAL_NULL_CONVERSION = YES;
				CLANG_WARN_OBJC_IMPLICIT_RETAIN_SELF = YES;
				CLANG_WARN_OBJC_LITERAL_CONVERSION = YES;
				CLANG_WARN_OBJC_ROOT_CLASS = YES_ERROR;
				CLANG_WARN_QUOTED_INCLUDE_IN_FRAMEWORK_HEADER = YES;
				CLANG_WARN_RANGE_LOOP_ANALYSIS = YES;
				CLANG_WARN_STRICT_PROTOTYPES = YES;
				CLANG_WARN_SUSPICIOUS_MOVE = YES;
				CLANG_WARN_UNGUARDED_AVAILABILITY = YES_AGGRESSIVE;
				CLANG_WARN_UNREACHABLE_CODE = YES;
				CLANG_WARN__DUPLICATE_METHOD_MATCH = YES;
				COPY_PHASE_STRIP = NO;
				DEAD_CODE_STRIPPING = YES;
				DEBUG_INFORMATION_FORMAT = dwarf;
				ENABLE_STRICT_OBJC_MSGSEND = YES;
				ENABLE_TESTABILITY = YES;
				ENABLE_USER_SCRIPT_SANDBOXING = YES;
				GCC_C_LANGUAGE_STANDARD = gnu17;
				GCC_DYNAMIC_NO_PIC = NO;
				GCC_NO_COMMON_BLOCKS = YES;
				GCC_OPTIMIZATION_LEVEL = 0;
				GCC_PREPROCESSOR_DEFINITIONS = (
					"DEBUG=1",
					"$(inherited)",
				);
				GCC_WARN_64_TO_32_BIT_CONVERSION = YES;
				GCC_WARN_ABOUT_RETURN_TYPE = YES_ERROR;
				GCC_WARN_UNDECLARED_SELECTOR = YES;
				GCC_WARN_UNINITIALIZED_AUTOS = YES_AGGRESSIVE;
				GCC_WARN_UNUSED_FUNCTION = YES;
				GCC_WARN_UNUSED_VARIABLE = YES;
				LOCALIZATION_PREFERS_STRING_CATALOGS = YES;
				MACOSX_DEPLOYMENT_TARGET = 14.0;
				MTL_ENABLE_DEBUG_INFO = INCLUDE_SOURCE;
				MTL_FAST_MATH = YES;
				ONLY_ACTIVE_ARCH = YES;
				SDKROOT = macosx;
				SWIFT_ACTIVE_COMPILATION_CONDITIONS = "DEBUG $(inherited)";
				SWIFT_EMIT_LOC_STRINGS = YES;
				SWIFT_OPTIMIZATION_LEVEL = "-Onone";
			};
			name = Debug;
		};
		3A93B04D2AD2F72B0038600F /* Release */ = {
			isa = XCBuildConfiguration;
			buildSettings = {
				ALWAYS_SEARCH_USER_PATHS = NO;
				ASSETCATALOG_COMPILER_GENERATE_SWIFT_ASSET_SYMBOL_EXTENSIONS = YES;
				CLANG_ANALYZER_NONNULL = YES;
				CLANG_ANALYZER_NUMBER_OBJECT_CONVERSION = YES_AGGRESSIVE;
				CLANG_CXX_LANGUAGE_STANDARD = "gnu++20";
				CLANG_ENABLE_MODULES = YES;
				CLANG_ENABLE_OBJC_ARC = YES;
				CLANG_ENABLE_OBJC_WEAK = YES;
				CLANG_WARN_BLOCK_CAPTURE_AUTORELEASING = YES;
				CLANG_WARN_BOOL_CONVERSION = YES;
				CLANG_WARN_COMMA = YES;
				CLANG_WARN_CONSTANT_CONVERSION = YES;
				CLANG_WARN_DEPRECATED_OBJC_IMPLEMENTATIONS = YES;
				CLANG_WARN_DIRECT_OBJC_ISA_USAGE = YES_ERROR;
				CLANG_WARN_DOCUMENTATION_COMMENTS = YES;
				CLANG_WARN_EMPTY_BODY = YES;
				CLANG_WARN_ENUM_CONVERSION = YES;
				CLANG_WARN_INFINITE_RECURSION = YES;
				CLANG_WARN_INT_CONVERSION = YES;
				CLANG_WARN_NON_LITERAL_NULL_CONVERSION = YES;
				CLANG_WARN_OBJC_IMPLICIT_RETAIN_SELF = YES;
				CLANG_WARN_OBJC_LITERAL_CONVERSION = YES;
				CLANG_WARN_OBJC_ROOT_CLASS = YES_ERROR;
				CLANG_WARN_QUOTED_INCLUDE_IN_FRAMEWORK_HEADER = YES;
				CLANG_WARN_RANGE_LOOP_ANALYSIS = YES;
				CLANG_WARN_STRICT_PROTOTYPES = YES;
				CLANG_WARN_SUSPICIOUS_MOVE = YES;
				CLANG_WARN_UNGUARDED_AVAILABILITY = YES_AGGRESSIVE;
				CLANG_WARN_UNREACHABLE_CODE = YES;
				CLANG_WARN__DUPLICATE_METHOD_MATCH = YES;
				COPY_PHASE_STRIP = NO;
				DEAD_CODE_STRIPPING = YES;
				DEBUG_INFORMATION_FORMAT = "dwarf-with-dsym";
				ENABLE_NS_ASSERTIONS = NO;
				ENABLE_STRICT_OBJC_MSGSEND = YES;
				ENABLE_USER_SCRIPT_SANDBOXING = YES;
				GCC_C_LANGUAGE_STANDARD = gnu17;
				GCC_NO_COMMON_BLOCKS = YES;
				GCC_WARN_64_TO_32_BIT_CONVERSION = YES;
				GCC_WARN_ABOUT_RETURN_TYPE = YES_ERROR;
				GCC_WARN_UNDECLARED_SELECTOR = YES;
				GCC_WARN_UNINITIALIZED_AUTOS = YES_AGGRESSIVE;
				GCC_WARN_UNUSED_FUNCTION = YES;
				GCC_WARN_UNUSED_VARIABLE = YES;
				LOCALIZATION_PREFERS_STRING_CATALOGS = YES;
				MACOSX_DEPLOYMENT_TARGET = 14.0;
				MTL_ENABLE_DEBUG_INFO = NO;
				MTL_FAST_MATH = YES;
				SDKROOT = macosx;
				SWIFT_COMPILATION_MODE = wholemodule;
				SWIFT_EMIT_LOC_STRINGS = YES;
			};
			name = Release;
		};
		3A93B04F2AD2F72B0038600F /* Debug */ = {
			isa = XCBuildConfiguration;
			buildSettings = {
				ASSETCATALOG_COMPILER_APPICON_NAME = AppIcon;
				ASSETCATALOG_COMPILER_GLOBAL_ACCENT_COLOR_NAME = AccentColor;
				CODE_SIGN_ENTITLEMENTS = SceneManager/Resources/SceneManager.entitlements;
				"CODE_SIGN_IDENTITY[sdk=macosx*]" = "-";
				CODE_SIGN_STYLE = Automatic;
				COMBINE_HIDPI_IMAGES = YES;
				CURRENT_PROJECT_VERSION = 1;
				DEAD_CODE_STRIPPING = YES;
				DEVELOPMENT_ASSET_PATHS = "SceneManager/Resources/Preview\\ Content/Initializers.swift SceneManager/Resources/Preview\\ Content SceneManager/Resources/Preview\\ Content/Scenes.json SceneManager/Resources/Preview\\ Content/Presets.json SceneManager/Resources/Preview\\ Content/Lights.json SceneManager/Resources/Preview\\ Content/Preview\\ Assets.xcassets SceneManager/Resources/Preview\\ Content/Sidebar.json";
				DEVELOPMENT_TEAM = P39XGK2VAV;
				ENABLE_HARDENED_RUNTIME = YES;
				ENABLE_PREVIEWS = YES;
				GENERATE_INFOPLIST_FILE = YES;
				INFOPLIST_FILE = SceneManager/Resources/Info.plist;
				INFOPLIST_KEY_NSHumanReadableCopyright = "";
				LD_RUNPATH_SEARCH_PATHS = (
					"$(inherited)",
					"@executable_path/../Frameworks",
				);
				MACOSX_DEPLOYMENT_TARGET = 15.0;
				MARKETING_VERSION = 1.0;
				PRODUCT_BUNDLE_IDENTIFIER = com.hanskroner.scenemanager;
				PRODUCT_NAME = "$(TARGET_NAME)";
				SWIFT_EMIT_LOC_STRINGS = YES;
				SWIFT_VERSION = 5.0;
			};
			name = Debug;
		};
		3A93B0502AD2F72B0038600F /* Release */ = {
			isa = XCBuildConfiguration;
			buildSettings = {
				ASSETCATALOG_COMPILER_APPICON_NAME = AppIcon;
				ASSETCATALOG_COMPILER_GLOBAL_ACCENT_COLOR_NAME = AccentColor;
				CODE_SIGN_ENTITLEMENTS = SceneManager/Resources/SceneManager.entitlements;
				"CODE_SIGN_IDENTITY[sdk=macosx*]" = "-";
				CODE_SIGN_STYLE = Automatic;
				COMBINE_HIDPI_IMAGES = YES;
				CURRENT_PROJECT_VERSION = 1;
				DEAD_CODE_STRIPPING = YES;
				DEVELOPMENT_ASSET_PATHS = "SceneManager/Resources/Preview\\ Content/Initializers.swift SceneManager/Resources/Preview\\ Content SceneManager/Resources/Preview\\ Content/Scenes.json SceneManager/Resources/Preview\\ Content/Presets.json SceneManager/Resources/Preview\\ Content/Lights.json SceneManager/Resources/Preview\\ Content/Preview\\ Assets.xcassets SceneManager/Resources/Preview\\ Content/Sidebar.json";
				DEVELOPMENT_TEAM = P39XGK2VAV;
				ENABLE_HARDENED_RUNTIME = YES;
				ENABLE_PREVIEWS = YES;
				GENERATE_INFOPLIST_FILE = YES;
				INFOPLIST_FILE = SceneManager/Resources/Info.plist;
				INFOPLIST_KEY_NSHumanReadableCopyright = "";
				LD_RUNPATH_SEARCH_PATHS = (
					"$(inherited)",
					"@executable_path/../Frameworks",
				);
				MACOSX_DEPLOYMENT_TARGET = 15.0;
				MARKETING_VERSION = 1.0;
				PRODUCT_BUNDLE_IDENTIFIER = com.hanskroner.scenemanager;
				PRODUCT_NAME = "$(TARGET_NAME)";
				SWIFT_EMIT_LOC_STRINGS = YES;
				SWIFT_VERSION = 5.0;
			};
			name = Release;
		};
/* End XCBuildConfiguration section */

/* Begin XCConfigurationList section */
		3A2BDF642CCCF87800B582AA /* Build configuration list for PBXNativeTarget "deCONZ" */ = {
			isa = XCConfigurationList;
			buildConfigurations = (
				3A2BDF652CCCF87800B582AA /* Debug */,
				3A2BDF662CCCF87800B582AA /* Release */,
			);
			defaultConfigurationIsVisible = 0;
			defaultConfigurationName = Release;
		};
		3A2BDFA12CCD682A00B582AA /* Build configuration list for PBXNativeTarget "deCONZTests" */ = {
			isa = XCConfigurationList;
			buildConfigurations = (
				3A2BDFA22CCD682A00B582AA /* Debug */,
				3A2BDFA32CCD682A00B582AA /* Release */,
			);
			defaultConfigurationIsVisible = 0;
			defaultConfigurationName = Release;
		};
		3A4193582D9EC899007E76F1 /* Build configuration list for PBXNativeTarget "SceneConverter" */ = {
			isa = XCConfigurationList;
			buildConfigurations = (
				3A4193562D9EC899007E76F1 /* Debug */,
				3A4193572D9EC899007E76F1 /* Release */,
			);
			defaultConfigurationIsVisible = 0;
			defaultConfigurationName = Release;
		};
		3A635B672CDF830700018B40 /* Build configuration list for PBXNativeTarget "ColorTests" */ = {
			isa = XCConfigurationList;
			buildConfigurations = (
				3A635B682CDF830700018B40 /* Debug */,
				3A635B692CDF830700018B40 /* Release */,
			);
			defaultConfigurationIsVisible = 0;
			defaultConfigurationName = Release;
		};
		3A93B03A2AD2F7290038600F /* Build configuration list for PBXProject "SceneManager" */ = {
			isa = XCConfigurationList;
			buildConfigurations = (
				3A93B04C2AD2F72B0038600F /* Debug */,
				3A93B04D2AD2F72B0038600F /* Release */,
			);
			defaultConfigurationIsVisible = 0;
			defaultConfigurationName = Release;
		};
		3A93B04E2AD2F72B0038600F /* Build configuration list for PBXNativeTarget "SceneManager" */ = {
			isa = XCConfigurationList;
			buildConfigurations = (
				3A93B04F2AD2F72B0038600F /* Debug */,
				3A93B0502AD2F72B0038600F /* Release */,
			);
			defaultConfigurationIsVisible = 0;
			defaultConfigurationName = Release;
		};
/* End XCConfigurationList section */
	};
	rootObject = 3A93B0372AD2F7290038600F /* Project object */;
}
