// !$*UTF8*$!
{
	archiveVersion = 1;
	classes = {
	};
	objectVersion = 56;
	objects = {

/* Begin PBXBuildFile section */
		3AF928552916A6D600CD2D33 /* SceneManagerApp.swift in Sources */ = {isa = PBXBuildFile; fileRef = 3AF928542916A6D600CD2D33 /* SceneManagerApp.swift */; };
		3AF928572916A6D600CD2D33 /* ContentView.swift in Sources */ = {isa = PBXBuildFile; fileRef = 3AF928562916A6D600CD2D33 /* ContentView.swift */; };
		3AF928592916A6D800CD2D33 /* Assets.xcassets in Resources */ = {isa = PBXBuildFile; fileRef = 3AF928582916A6D800CD2D33 /* Assets.xcassets */; };
		3AF9285C2916A6D800CD2D33 /* Preview Assets.xcassets in Resources */ = {isa = PBXBuildFile; fileRef = 3AF9285B2916A6D800CD2D33 /* Preview Assets.xcassets */; };
		3AF928642916A88700CD2D33 /* deCONZClient.swift in Sources */ = {isa = PBXBuildFile; fileRef = 3AF928632916A88700CD2D33 /* deCONZClient.swift */; };
		3AF928662916A8C400CD2D33 /* deCONZModel.swift in Sources */ = {isa = PBXBuildFile; fileRef = 3AF928652916A8C400CD2D33 /* deCONZModel.swift */; };
/* End PBXBuildFile section */

/* Begin PBXFileReference section */
		3AF928512916A6D600CD2D33 /* SceneManager.app */ = {isa = PBXFileReference; explicitFileType = wrapper.application; includeInIndex = 0; path = SceneManager.app; sourceTree = BUILT_PRODUCTS_DIR; };
		3AF928542916A6D600CD2D33 /* SceneManagerApp.swift */ = {isa = PBXFileReference; lastKnownFileType = sourcecode.swift; path = SceneManagerApp.swift; sourceTree = "<group>"; };
		3AF928562916A6D600CD2D33 /* ContentView.swift */ = {isa = PBXFileReference; lastKnownFileType = sourcecode.swift; path = ContentView.swift; sourceTree = "<group>"; };
		3AF928582916A6D800CD2D33 /* Assets.xcassets */ = {isa = PBXFileReference; lastKnownFileType = folder.assetcatalog; path = Assets.xcassets; sourceTree = "<group>"; };
		3AF9285B2916A6D800CD2D33 /* Preview Assets.xcassets */ = {isa = PBXFileReference; lastKnownFileType = folder.assetcatalog; path = "Preview Assets.xcassets"; sourceTree = "<group>"; };
		3AF9285D2916A6D800CD2D33 /* SceneManager.entitlements */ = {isa = PBXFileReference; lastKnownFileType = text.plist.entitlements; path = SceneManager.entitlements; sourceTree = "<group>"; };
		3AF928632916A88700CD2D33 /* deCONZClient.swift */ = {isa = PBXFileReference; lastKnownFileType = sourcecode.swift; path = deCONZClient.swift; sourceTree = "<group>"; };
		3AF928652916A8C400CD2D33 /* deCONZModel.swift */ = {isa = PBXFileReference; lastKnownFileType = sourcecode.swift; path = deCONZModel.swift; sourceTree = "<group>"; };
/* End PBXFileReference section */

/* Begin PBXFrameworksBuildPhase section */
		3AF9284E2916A6D600CD2D33 /* Frameworks */ = {
			isa = PBXFrameworksBuildPhase;
			buildActionMask = 2147483647;
			files = (
			);
			runOnlyForDeploymentPostprocessing = 0;
		};
/* End PBXFrameworksBuildPhase section */

/* Begin PBXGroup section */
		3AF928482916A6D600CD2D33 = {
			isa = PBXGroup;
			children = (
				3AF928532916A6D600CD2D33 /* SceneManager */,
				3AF928522916A6D600CD2D33 /* Products */,
			);
			sourceTree = "<group>";
		};
		3AF928522916A6D600CD2D33 /* Products */ = {
			isa = PBXGroup;
			children = (
				3AF928512916A6D600CD2D33 /* SceneManager.app */,
			);
			name = Products;
			sourceTree = "<group>";
		};
		3AF928532916A6D600CD2D33 /* SceneManager */ = {
			isa = PBXGroup;
			children = (
				3AF928542916A6D600CD2D33 /* SceneManagerApp.swift */,
				3AF928562916A6D600CD2D33 /* ContentView.swift */,
				3AF928632916A88700CD2D33 /* deCONZClient.swift */,
				3AF928652916A8C400CD2D33 /* deCONZModel.swift */,
				3AF928582916A6D800CD2D33 /* Assets.xcassets */,
				3AF9285D2916A6D800CD2D33 /* SceneManager.entitlements */,
				3AF9285A2916A6D800CD2D33 /* Preview Content */,
			);
			path = SceneManager;
			sourceTree = "<group>";
		};
		3AF9285A2916A6D800CD2D33 /* Preview Content */ = {
			isa = PBXGroup;
			children = (
				3AF9285B2916A6D800CD2D33 /* Preview Assets.xcassets */,
			);
			path = "Preview Content";
			sourceTree = "<group>";
		};
/* End PBXGroup section */

/* Begin PBXNativeTarget section */
		3AF928502916A6D600CD2D33 /* SceneManager */ = {
			isa = PBXNativeTarget;
			buildConfigurationList = 3AF928602916A6D800CD2D33 /* Build configuration list for PBXNativeTarget "SceneManager" */;
			buildPhases = (
				3AF9284D2916A6D600CD2D33 /* Sources */,
				3AF9284E2916A6D600CD2D33 /* Frameworks */,
				3AF9284F2916A6D600CD2D33 /* Resources */,
			);
			buildRules = (
			);
			dependencies = (
			);
			name = SceneManager;
			productName = SceneManager;
			productReference = 3AF928512916A6D600CD2D33 /* SceneManager.app */;
			productType = "com.apple.product-type.application";
		};
/* End PBXNativeTarget section */

/* Begin PBXProject section */
		3AF928492916A6D600CD2D33 /* Project object */ = {
			isa = PBXProject;
			attributes = {
				BuildIndependentTargetsInParallel = 1;
				LastSwiftUpdateCheck = 1410;
				LastUpgradeCheck = 1410;
				TargetAttributes = {
					3AF928502916A6D600CD2D33 = {
						CreatedOnToolsVersion = 14.1;
					};
				};
			};
			buildConfigurationList = 3AF9284C2916A6D600CD2D33 /* Build configuration list for PBXProject "SceneManager" */;
			compatibilityVersion = "Xcode 14.0";
			developmentRegion = en;
			hasScannedForEncodings = 0;
			knownRegions = (
				en,
				Base,
			);
			mainGroup = 3AF928482916A6D600CD2D33;
			productRefGroup = 3AF928522916A6D600CD2D33 /* Products */;
			projectDirPath = "";
			projectRoot = "";
			targets = (
				3AF928502916A6D600CD2D33 /* SceneManager */,
			);
		};
/* End PBXProject section */

/* Begin PBXResourcesBuildPhase section */
		3AF9284F2916A6D600CD2D33 /* Resources */ = {
			isa = PBXResourcesBuildPhase;
			buildActionMask = 2147483647;
			files = (
				3AF9285C2916A6D800CD2D33 /* Preview Assets.xcassets in Resources */,
				3AF928592916A6D800CD2D33 /* Assets.xcassets in Resources */,
			);
			runOnlyForDeploymentPostprocessing = 0;
		};
/* End PBXResourcesBuildPhase section */

/* Begin PBXSourcesBuildPhase section */
		3AF9284D2916A6D600CD2D33 /* Sources */ = {
			isa = PBXSourcesBuildPhase;
			buildActionMask = 2147483647;
			files = (
				3AF928662916A8C400CD2D33 /* deCONZModel.swift in Sources */,
				3AF928572916A6D600CD2D33 /* ContentView.swift in Sources */,
				3AF928552916A6D600CD2D33 /* SceneManagerApp.swift in Sources */,
				3AF928642916A88700CD2D33 /* deCONZClient.swift in Sources */,
			);
			runOnlyForDeploymentPostprocessing = 0;
		};
/* End PBXSourcesBuildPhase section */

/* Begin XCBuildConfiguration section */
		3AF9285E2916A6D800CD2D33 /* Debug */ = {
			isa = XCBuildConfiguration;
			buildSettings = {
				ALWAYS_SEARCH_USER_PATHS = NO;
				CLANG_ANALYZER_NONNULL = YES;
				CLANG_ANALYZER_NUMBER_OBJECT_CONVERSION = YES_AGGRESSIVE;
				CLANG_CXX_LANGUAGE_STANDARD = "gnu++20";
				CLANG_ENABLE_MODULES = YES;
				CLANG_ENABLE_OBJC_ARC = YES;
				CLANG_ENABLE_OBJC_WEAK = YES;
				CLANG_WARN_BLOCK_CAPTURE_AUTORELEASING = YES;
				CLANG_WARN_BOOL_CONVERSION = YES;
				CLANG_WARN_COMMA = YES;
				CLANG_WARN_CONSTANT_CONVERSION = YES;
				CLANG_WARN_DEPRECATED_OBJC_IMPLEMENTATIONS = YES;
				CLANG_WARN_DIRECT_OBJC_ISA_USAGE = YES_ERROR;
				CLANG_WARN_DOCUMENTATION_COMMENTS = YES;
				CLANG_WARN_EMPTY_BODY = YES;
				CLANG_WARN_ENUM_CONVERSION = YES;
				CLANG_WARN_INFINITE_RECURSION = YES;
				CLANG_WARN_INT_CONVERSION = YES;
				CLANG_WARN_NON_LITERAL_NULL_CONVERSION = YES;
				CLANG_WARN_OBJC_IMPLICIT_RETAIN_SELF = YES;
				CLANG_WARN_OBJC_LITERAL_CONVERSION = YES;
				CLANG_WARN_OBJC_ROOT_CLASS = YES_ERROR;
				CLANG_WARN_QUOTED_INCLUDE_IN_FRAMEWORK_HEADER = YES;
				CLANG_WARN_RANGE_LOOP_ANALYSIS = YES;
				CLANG_WARN_STRICT_PROTOTYPES = YES;
				CLANG_WARN_SUSPICIOUS_MOVE = YES;
				CLANG_WARN_UNGUARDED_AVAILABILITY = YES_AGGRESSIVE;
				CLANG_WARN_UNREACHABLE_CODE = YES;
				CLANG_WARN__DUPLICATE_METHOD_MATCH = YES;
				COPY_PHASE_STRIP = NO;
				DEBUG_INFORMATION_FORMAT = dwarf;
				ENABLE_STRICT_OBJC_MSGSEND = YES;
				ENABLE_TESTABILITY = YES;
				GCC_C_LANGUAGE_STANDARD = gnu11;
				GCC_DYNAMIC_NO_PIC = NO;
				GCC_NO_COMMON_BLOCKS = YES;
				GCC_OPTIMIZATION_LEVEL = 0;
				GCC_PREPROCESSOR_DEFINITIONS = (
					"DEBUG=1",
					"$(inherited)",
				);
				GCC_WARN_64_TO_32_BIT_CONVERSION = YES;
				GCC_WARN_ABOUT_RETURN_TYPE = YES_ERROR;
				GCC_WARN_UNDECLARED_SELECTOR = YES;
				GCC_WARN_UNINITIALIZED_AUTOS = YES_AGGRESSIVE;
				GCC_WARN_UNUSED_FUNCTION = YES;
				GCC_WARN_UNUSED_VARIABLE = YES;
				MACOSX_DEPLOYMENT_TARGET = 13.0;
				MTL_ENABLE_DEBUG_INFO = INCLUDE_SOURCE;
				MTL_FAST_MATH = YES;
				ONLY_ACTIVE_ARCH = YES;
				SDKROOT = macosx;
				SWIFT_ACTIVE_COMPILATION_CONDITIONS = DEBUG;
				SWIFT_OPTIMIZATION_LEVEL = "-Onone";
			};
			name = Debug;
		};
		3AF9285F2916A6D800CD2D33 /* Release */ = {
			isa = XCBuildConfiguration;
			buildSettings = {
				ALWAYS_SEARCH_USER_PATHS = NO;
				CLANG_ANALYZER_NONNULL = YES;
				CLANG_ANALYZER_NUMBER_OBJECT_CONVERSION = YES_AGGRESSIVE;
				CLANG_CXX_LANGUAGE_STANDARD = "gnu++20";
				CLANG_ENABLE_MODULES = YES;
				CLANG_ENABLE_OBJC_ARC = YES;
				CLANG_ENABLE_OBJC_WEAK = YES;
				CLANG_WARN_BLOCK_CAPTURE_AUTORELEASING = YES;
				CLANG_WARN_BOOL_CONVERSION = YES;
				CLANG_WARN_COMMA = YES;
				CLANG_WARN_CONSTANT_CONVERSION = YES;
				CLANG_WARN_DEPRECATED_OBJC_IMPLEMENTATIONS = YES;
				CLANG_WARN_DIRECT_OBJC_ISA_USAGE = YES_ERROR;
				CLANG_WARN_DOCUMENTATION_COMMENTS = YES;
				CLANG_WARN_EMPTY_BODY = YES;
				CLANG_WARN_ENUM_CONVERSION = YES;
				CLANG_WARN_INFINITE_RECURSION = YES;
				CLANG_WARN_INT_CONVERSION = YES;
				CLANG_WARN_NON_LITERAL_NULL_CONVERSION = YES;
				CLANG_WARN_OBJC_IMPLICIT_RETAIN_SELF = YES;
				CLANG_WARN_OBJC_LITERAL_CONVERSION = YES;
				CLANG_WARN_OBJC_ROOT_CLASS = YES_ERROR;
				CLANG_WARN_QUOTED_INCLUDE_IN_FRAMEWORK_HEADER = YES;
				CLANG_WARN_RANGE_LOOP_ANALYSIS = YES;
				CLANG_WARN_STRICT_PROTOTYPES = YES;
				CLANG_WARN_SUSPICIOUS_MOVE = YES;
				CLANG_WARN_UNGUARDED_AVAILABILITY = YES_AGGRESSIVE;
				CLANG_WARN_UNREACHABLE_CODE = YES;
				CLANG_WARN__DUPLICATE_METHOD_MATCH = YES;
				COPY_PHASE_STRIP = NO;
				DEBUG_INFORMATION_FORMAT = "dwarf-with-dsym";
				ENABLE_NS_ASSERTIONS = NO;
				ENABLE_STRICT_OBJC_MSGSEND = YES;
				GCC_C_LANGUAGE_STANDARD = gnu11;
				GCC_NO_COMMON_BLOCKS = YES;
				GCC_WARN_64_TO_32_BIT_CONVERSION = YES;
				GCC_WARN_ABOUT_RETURN_TYPE = YES_ERROR;
				GCC_WARN_UNDECLARED_SELECTOR = YES;
				GCC_WARN_UNINITIALIZED_AUTOS = YES_AGGRESSIVE;
				GCC_WARN_UNUSED_FUNCTION = YES;
				GCC_WARN_UNUSED_VARIABLE = YES;
				MACOSX_DEPLOYMENT_TARGET = 13.0;
				MTL_ENABLE_DEBUG_INFO = NO;
				MTL_FAST_MATH = YES;
				SDKROOT = macosx;
				SWIFT_COMPILATION_MODE = wholemodule;
				SWIFT_OPTIMIZATION_LEVEL = "-O";
			};
			name = Release;
		};
		3AF928612916A6D800CD2D33 /* Debug */ = {
			isa = XCBuildConfiguration;
			buildSettings = {
				ASSETCATALOG_COMPILER_APPICON_NAME = AppIcon;
				ASSETCATALOG_COMPILER_GLOBAL_ACCENT_COLOR_NAME = AccentColor;
				CODE_SIGN_ENTITLEMENTS = SceneManager/SceneManager.entitlements;
				CODE_SIGN_STYLE = Automatic;
				COMBINE_HIDPI_IMAGES = YES;
				CURRENT_PROJECT_VERSION = 1;
				DEVELOPMENT_ASSET_PATHS = "\"SceneManager/Preview Content\"";
				DEVELOPMENT_TEAM = P39XGK2VAV;
				ENABLE_HARDENED_RUNTIME = YES;
				ENABLE_PREVIEWS = YES;
				GENERATE_INFOPLIST_FILE = YES;
				INFOPLIST_KEY_NSHumanReadableCopyright = "";
				LD_RUNPATH_SEARCH_PATHS = (
					"$(inherited)",
					"@executable_path/../Frameworks",
				);
				MARKETING_VERSION = 1.0;
				PRODUCT_BUNDLE_IDENTIFIER = com.hanskroner.SceneManager;
				PRODUCT_NAME = "$(TARGET_NAME)";
				SWIFT_EMIT_LOC_STRINGS = YES;
				SWIFT_VERSION = 5.0;
			};
			name = Debug;
		};
		3AF928622916A6D800CD2D33 /* Release */ = {
			isa = XCBuildConfiguration;
			buildSettings = {
				ASSETCATALOG_COMPILER_APPICON_NAME = AppIcon;
				ASSETCATALOG_COMPILER_GLOBAL_ACCENT_COLOR_NAME = AccentColor;
				CODE_SIGN_ENTITLEMENTS = SceneManager/SceneManager.entitlements;
				CODE_SIGN_STYLE = Automatic;
				COMBINE_HIDPI_IMAGES = YES;
				CURRENT_PROJECT_VERSION = 1;
				DEVELOPMENT_ASSET_PATHS = "\"SceneManager/Preview Content\"";
				DEVELOPMENT_TEAM = P39XGK2VAV;
				ENABLE_HARDENED_RUNTIME = YES;
				ENABLE_PREVIEWS = YES;
				GENERATE_INFOPLIST_FILE = YES;
				INFOPLIST_KEY_NSHumanReadableCopyright = "";
				LD_RUNPATH_SEARCH_PATHS = (
					"$(inherited)",
					"@executable_path/../Frameworks",
				);
				MARKETING_VERSION = 1.0;
				PRODUCT_BUNDLE_IDENTIFIER = com.hanskroner.SceneManager;
				PRODUCT_NAME = "$(TARGET_NAME)";
				SWIFT_EMIT_LOC_STRINGS = YES;
				SWIFT_VERSION = 5.0;
			};
			name = Release;
		};
/* End XCBuildConfiguration section */

/* Begin XCConfigurationList section */
		3AF9284C2916A6D600CD2D33 /* Build configuration list for PBXProject "SceneManager" */ = {
			isa = XCConfigurationList;
			buildConfigurations = (
				3AF9285E2916A6D800CD2D33 /* Debug */,
				3AF9285F2916A6D800CD2D33 /* Release */,
			);
			defaultConfigurationIsVisible = 0;
			defaultConfigurationName = Release;
		};
		3AF928602916A6D800CD2D33 /* Build configuration list for PBXNativeTarget "SceneManager" */ = {
			isa = XCConfigurationList;
			buildConfigurations = (
				3AF928612916A6D800CD2D33 /* Debug */,
				3AF928622916A6D800CD2D33 /* Release */,
			);
			defaultConfigurationIsVisible = 0;
			defaultConfigurationName = Release;
		};
/* End XCConfigurationList section */
	};
	rootObject = 3AF928492916A6D600CD2D33 /* Project object */;
}
